// !$*UTF8*$!
{
	archiveVersion = 1;
	classes = {
	};
	objectVersion = 46;
	objects = {

/* Begin PBXBuildFile section */
		0AE5592E2B72094B800891E1 /* libPods-funds.a in Frameworks */ = {isa = PBXBuildFile; fileRef = F51BF1C95C6D79DB02F11704 /* libPods-funds.a */; };
		0BAF9A333F3614DDE6DD81DA /* AMFWalletViewControllerTests.m in Sources */ = {isa = PBXBuildFile; fileRef = E6FF58B489D2C6442E9274EA /* AMFWalletViewControllerTests.m */; };
		1D28856CA868659AE35AC258 /* AMFBalanceViewControllerTests.m in Sources */ = {isa = PBXBuildFile; fileRef = 5FF2E2503CAE6521B3DA5052 /* AMFBalanceViewControllerTests.m */; };
		3DB5496F2EF81C63E2D4F3C5 /* AMFFlowInteractorTests.m in Sources */ = {isa = PBXBuildFile; fileRef = 6BE43B30512ACF84EF1C8DB8 /* AMFFlowInteractorTests.m */; };
		4C046FAB1E73C37C001E73A6 /* Localizable.strings in Resources */ = {isa = PBXBuildFile; fileRef = 4C046FA91E73C37C001E73A6 /* Localizable.strings */; };
		4C53EC151E6DC7B400725AF8 /* main.m in Sources */ = {isa = PBXBuildFile; fileRef = 4C53EC141E6DC7B400725AF8 /* main.m */; };
		4C53EC181E6DC7B400725AF8 /* AppDelegate.m in Sources */ = {isa = PBXBuildFile; fileRef = 4C53EC171E6DC7B400725AF8 /* AppDelegate.m */; };
		4C53EC1E1E6DC7B400725AF8 /* Main.storyboard in Resources */ = {isa = PBXBuildFile; fileRef = 4C53EC1C1E6DC7B400725AF8 /* Main.storyboard */; };
		4C53EC211E6DC7B400725AF8 /* funds.xcdatamodeld in Sources */ = {isa = PBXBuildFile; fileRef = 4C53EC1F1E6DC7B400725AF8 /* funds.xcdatamodeld */; };
		4C53EC231E6DC7B400725AF8 /* Assets.xcassets in Resources */ = {isa = PBXBuildFile; fileRef = 4C53EC221E6DC7B400725AF8 /* Assets.xcassets */; };
		4C53EC261E6DC7B400725AF8 /* LaunchScreen.storyboard in Resources */ = {isa = PBXBuildFile; fileRef = 4C53EC241E6DC7B400725AF8 /* LaunchScreen.storyboard */; };
		4C53EC311E6DC7B400725AF8 /* fundsTests.m in Sources */ = {isa = PBXBuildFile; fileRef = 4C53EC301E6DC7B400725AF8 /* fundsTests.m */; };
		4C53EC411E6EFA2100725AF8 /* ApplicationAssembly.m in Sources */ = {isa = PBXBuildFile; fileRef = 4C53EC401E6EFA2100725AF8 /* ApplicationAssembly.m */; };
		4C53EC441E6F03EF00725AF8 /* TyphoonAppDelegate.m in Sources */ = {isa = PBXBuildFile; fileRef = 4C53EC431E6F03EF00725AF8 /* TyphoonAppDelegate.m */; };
		4C53EC4B1E700F2400725AF8 /* AMFTheme.m in Sources */ = {isa = PBXBuildFile; fileRef = 4C53EC4A1E700F2400725AF8 /* AMFTheme.m */; };
		4C53EC4E1E7010D500725AF8 /* AMFThemeFactory.m in Sources */ = {isa = PBXBuildFile; fileRef = 4C53EC4D1E7010D500725AF8 /* AMFThemeFactory.m */; };
		4C53EC831E705D1A00725AF8 /* AMFThemeAssembly.m in Sources */ = {isa = PBXBuildFile; fileRef = 4C53EC821E705D1A00725AF8 /* AMFThemeAssembly.m */; };
		4C53EC861E70663200725AF8 /* AMFDataSupplierAssembly.m in Sources */ = {isa = PBXBuildFile; fileRef = 4C53EC851E70663200725AF8 /* AMFDataSupplierAssembly.m */; };
		4C53EC8A1E70700000725AF8 /* AMFDataSupplier.m in Sources */ = {isa = PBXBuildFile; fileRef = 4C53EC891E70700000725AF8 /* AMFDataSupplier.m */; };
		4C53EC8D1E708BFB00725AF8 /* AMFWalletAssembly.m in Sources */ = {isa = PBXBuildFile; fileRef = 4C53EC8B1E708BFB00725AF8 /* AMFWalletAssembly.m */; };
		4C53EC921E708C0900725AF8 /* AMFWalletViewController.m in Sources */ = {isa = PBXBuildFile; fileRef = 4C53EC901E708C0900725AF8 /* AMFWalletViewController.m */; };
		4C53EC961E708C1600725AF8 /* AMFWalletPresenter.m in Sources */ = {isa = PBXBuildFile; fileRef = 4C53EC931E708C1600725AF8 /* AMFWalletPresenter.m */; };
		4C53EC9B1E708C2500725AF8 /* AMFWalletInteractor.m in Sources */ = {isa = PBXBuildFile; fileRef = 4C53EC991E708C2500725AF8 /* AMFWalletInteractor.m */; };
		4C53EC9F1E708C3300725AF8 /* AMFWalletRouter.m in Sources */ = {isa = PBXBuildFile; fileRef = 4C53EC9D1E708C3300725AF8 /* AMFWalletRouter.m */; };
		4C53ECA21E70902700725AF8 /* AMFBalanceAssembly.m in Sources */ = {isa = PBXBuildFile; fileRef = 4C53ECA01E70902700725AF8 /* AMFBalanceAssembly.m */; };
		4C53ECA71E70903700725AF8 /* AMFBalanceViewController.m in Sources */ = {isa = PBXBuildFile; fileRef = 4C53ECA51E70903700725AF8 /* AMFBalanceViewController.m */; };
		4C53ECAB1E70904800725AF8 /* AMFBalancePresenter.m in Sources */ = {isa = PBXBuildFile; fileRef = 4C53ECA81E70904800725AF8 /* AMFBalancePresenter.m */; };
		4C53ECB01E70905800725AF8 /* AMFBalanceInteractor.m in Sources */ = {isa = PBXBuildFile; fileRef = 4C53ECAE1E70905800725AF8 /* AMFBalanceInteractor.m */; };
		4C53ECB41E70906700725AF8 /* AMFBalanceRouter.m in Sources */ = {isa = PBXBuildFile; fileRef = 4C53ECB21E70906700725AF8 /* AMFBalanceRouter.m */; };
		4C53ECB91E71129D00725AF8 /* Default-568h@2x.png in Resources */ = {isa = PBXBuildFile; fileRef = 4C53ECB81E71129D00725AF8 /* Default-568h@2x.png */; };
		4CE158851E7137970009BAF4 /* test.csv in Resources */ = {isa = PBXBuildFile; fileRef = 4CE158841E7137970009BAF4 /* test.csv */; };
		4CE158B31E716B8A0009BAF4 /* AMFCashFlow+CoreDataClass.m in Sources */ = {isa = PBXBuildFile; fileRef = 4CE158B01E716B8A0009BAF4 /* AMFCashFlow+CoreDataClass.m */; };
		4CE158B41E716B8A0009BAF4 /* AMFCashFlow+CoreDataProperties.m in Sources */ = {isa = PBXBuildFile; fileRef = 4CE158B21E716B8A0009BAF4 /* AMFCashFlow+CoreDataProperties.m */; };
		4CE158B91E716B950009BAF4 /* AMFWallet+CoreDataClass.m in Sources */ = {isa = PBXBuildFile; fileRef = 4CE158B61E716B950009BAF4 /* AMFWallet+CoreDataClass.m */; };
		4CE158BA1E716B950009BAF4 /* AMFWallet+CoreDataProperties.m in Sources */ = {isa = PBXBuildFile; fileRef = 4CE158B81E716B950009BAF4 /* AMFWallet+CoreDataProperties.m */; };
		4CE158BF1E716BA20009BAF4 /* AMFCurrency+CoreDataClass.m in Sources */ = {isa = PBXBuildFile; fileRef = 4CE158BC1E716BA20009BAF4 /* AMFCurrency+CoreDataClass.m */; };
		4CE158C01E716BA20009BAF4 /* AMFCurrency+CoreDataProperties.m in Sources */ = {isa = PBXBuildFile; fileRef = 4CE158BE1E716BA20009BAF4 /* AMFCurrency+CoreDataProperties.m */; };
		4CE158C51E716BBE0009BAF4 /* AMFCategory+CoreDataClass.m in Sources */ = {isa = PBXBuildFile; fileRef = 4CE158C21E716BBE0009BAF4 /* AMFCategory+CoreDataClass.m */; };
		4CE158C61E716BBE0009BAF4 /* AMFCategory+CoreDataProperties.m in Sources */ = {isa = PBXBuildFile; fileRef = 4CE158C41E716BBE0009BAF4 /* AMFCategory+CoreDataProperties.m */; };
		4CE158CB1E716BC90009BAF4 /* AMFPage+CoreDataClass.m in Sources */ = {isa = PBXBuildFile; fileRef = 4CE158C81E716BC80009BAF4 /* AMFPage+CoreDataClass.m */; };
		4CE158CC1E716BC90009BAF4 /* AMFPage+CoreDataProperties.m in Sources */ = {isa = PBXBuildFile; fileRef = 4CE158CA1E716BC80009BAF4 /* AMFPage+CoreDataProperties.m */; };
		4CE158D61E718B390009BAF4 /* AMFSQLCoreDataHandler.m in Sources */ = {isa = PBXBuildFile; fileRef = 4CE158D51E718B390009BAF4 /* AMFSQLCoreDataHandler.m */; };
		4CE158DA1E71A7BB0009BAF4 /* DataStorageTests.m in Sources */ = {isa = PBXBuildFile; fileRef = 4CE158D91E71A7BB0009BAF4 /* DataStorageTests.m */; };
		4CE158DD1E71B8590009BAF4 /* AMFBudgetCSVReader.m in Sources */ = {isa = PBXBuildFile; fileRef = 4CE158DC1E71B8590009BAF4 /* AMFBudgetCSVReader.m */; };
		4CE158E01E71B9340009BAF4 /* AMFPlainBudgetData.m in Sources */ = {isa = PBXBuildFile; fileRef = 4CE158DF1E71B9340009BAF4 /* AMFPlainBudgetData.m */; };
		4CE158E31E71C4C70009BAF4 /* AMFCashPlain.m in Sources */ = {isa = PBXBuildFile; fileRef = 4CE158E21E71C4C70009BAF4 /* AMFCashPlain.m */; };
		4CE158E61E71C5100009BAF4 /* AMFCategoryPlain.m in Sources */ = {isa = PBXBuildFile; fileRef = 4CE158E51E71C5100009BAF4 /* AMFCategoryPlain.m */; };
		4CE158E91E71C53B0009BAF4 /* AMFWalletPlain.m in Sources */ = {isa = PBXBuildFile; fileRef = 4CE158E81E71C53B0009BAF4 /* AMFWalletPlain.m */; };
		4CE158EC1E71C56E0009BAF4 /* AMFPagePlain.m in Sources */ = {isa = PBXBuildFile; fileRef = 4CE158EB1E71C56E0009BAF4 /* AMFPagePlain.m */; };
		4CE158EF1E71C5890009BAF4 /* AMFCurrencyPlain.m in Sources */ = {isa = PBXBuildFile; fileRef = 4CE158EE1E71C5890009BAF4 /* AMFCurrencyPlain.m */; };
		4CE158F21E727F8F0009BAF4 /* AMFFlowModuleAssembly.m in Sources */ = {isa = PBXBuildFile; fileRef = 4CE158F01E727F8F0009BAF4 /* AMFFlowModuleAssembly.m */; };
		4CE158F71E727FB90009BAF4 /* AMFFlowViewController.m in Sources */ = {isa = PBXBuildFile; fileRef = 4CE158F51E727FB90009BAF4 /* AMFFlowViewController.m */; };
		4CE158FA1E727FFF0009BAF4 /* AMFFlowPresenter.m in Sources */ = {isa = PBXBuildFile; fileRef = 4CE158F81E727FFF0009BAF4 /* AMFFlowPresenter.m */; };
		4CE158FF1E7280370009BAF4 /* AMFFlowIteractor.m in Sources */ = {isa = PBXBuildFile; fileRef = 4CE158FB1E7280370009BAF4 /* AMFFlowIteractor.m */; };
		4CE159031E72804F0009BAF4 /* AMFFlowRouter.m in Sources */ = {isa = PBXBuildFile; fileRef = 4CE159011E72804F0009BAF4 /* AMFFlowRouter.m */; };
		4CE159081E7299610009BAF4 /* AMFFlowCell.m in Sources */ = {isa = PBXBuildFile; fileRef = 4CE159071E7299610009BAF4 /* AMFFlowCell.m */; };
		4CE159101E72FC790009BAF4 /* AMFReaderFromCSV.m in Sources */ = {isa = PBXBuildFile; fileRef = 4CE1590F1E72FC790009BAF4 /* AMFReaderFromCSV.m */; };
		4CE159131E7301320009BAF4 /* AMFAppDelegateForReadingCSV.m in Sources */ = {isa = PBXBuildFile; fileRef = 4CE159121E7301320009BAF4 /* AMFAppDelegateForReadingCSV.m */; };
		4CE159191E73144D0009BAF4 /* AMFFlowData.m in Sources */ = {isa = PBXBuildFile; fileRef = 4CE159181E73144D0009BAF4 /* AMFFlowData.m */; };
		57F3B401EAF3DEB94E60B815 /* AMFFlowPresenterTests.m in Sources */ = {isa = PBXBuildFile; fileRef = 84122EB5322F8255F74FB277 /* AMFFlowPresenterTests.m */; };
		65360BCB2CB6683E73ABB1B5 /* libPods-fundsTests.a in Frameworks */ = {isa = PBXBuildFile; fileRef = 651AD28E37C586B5897ACA75 /* libPods-fundsTests.a */; };
		71EAD43B8328713B975A2023 /* AMFFlowRouterTests.m in Sources */ = {isa = PBXBuildFile; fileRef = DDD4A9895A549DF0C5796B3A /* AMFFlowRouterTests.m */; };
		7ACE4948754C3D9CA5CA6D92 /* AMFFlowAssemblyTests.m in Sources */ = {isa = PBXBuildFile; fileRef = 62F4CD3B7673FBCBDE1EBE90 /* AMFFlowAssemblyTests.m */; };
		846FF71F03ACD0309A774940 /* AMFBalanceRouterTests.m in Sources */ = {isa = PBXBuildFile; fileRef = 29089B491EF2837AD5616F08 /* AMFBalanceRouterTests.m */; };
		8DA2B21A228B50E9D851DEBE /* AMFWalletRouterTests.m in Sources */ = {isa = PBXBuildFile; fileRef = DF646DB673DEC62964BBF9C6 /* AMFWalletRouterTests.m */; };
		9FB0E5E36CCDD67F1BA82825 /* AMFWalletAssemblyTests.m in Sources */ = {isa = PBXBuildFile; fileRef = 3596188E8037A4F1EF66BAED /* AMFWalletAssemblyTests.m */; };
		A70B9CDF5731AFBF37A9AD90 /* AMFWalletInteractorTests.m in Sources */ = {isa = PBXBuildFile; fileRef = F1D55D38C6EE88D761EE5012 /* AMFWalletInteractorTests.m */; };
		AB20C6A3A18269E42CFD529F /* AMFBalanceInteractorTests.m in Sources */ = {isa = PBXBuildFile; fileRef = 72C498335635EED9650F365E /* AMFBalanceInteractorTests.m */; };
		B28EF746BE1CDF645FB2F9D0 /* AMFFlowViewControllerTests.m in Sources */ = {isa = PBXBuildFile; fileRef = 35998CE25D285D7C9B73912C /* AMFFlowViewControllerTests.m */; };
		C296CC9E55F870E1A288A3B1 /* libPods-funds-fundsTests.a in Frameworks */ = {isa = PBXBuildFile; fileRef = 55CD0A71B43CC5D35DB871FD /* libPods-funds-fundsTests.a */; };
		CB53BC3311DB3251A3CC1FE8 /* AMFWalletPresenterTests.m in Sources */ = {isa = PBXBuildFile; fileRef = 90F1CD55E8D152D64779856D /* AMFWalletPresenterTests.m */; };
		CE2D7E6E4C1CB94E13B17CA9 /* AMFBalanceAssemblyTests.m in Sources */ = {isa = PBXBuildFile; fileRef = 008441584AEAA0D5BE9C24ED /* AMFBalanceAssemblyTests.m */; };
		DF6074C0FB7E37156C59814B /* AMFBalancePresenterTests.m in Sources */ = {isa = PBXBuildFile; fileRef = 6F988B8F329D204CF5998903 /* AMFBalancePresenterTests.m */; };
/* End PBXBuildFile section */

/* Begin PBXContainerItemProxy section */
		4C53EC2D1E6DC7B400725AF8 /* PBXContainerItemProxy */ = {
			isa = PBXContainerItemProxy;
			containerPortal = 4C53EC081E6DC7B400725AF8 /* Project object */;
			proxyType = 1;
			remoteGlobalIDString = 4C53EC0F1E6DC7B400725AF8;
			remoteInfo = funds;
		};
/* End PBXContainerItemProxy section */

/* Begin PBXFileReference section */
		008441584AEAA0D5BE9C24ED /* AMFBalanceAssemblyTests.m */ = {isa = PBXFileReference; includeInIndex = 1; lastKnownFileType = sourcecode.c.objc; path = AMFBalanceAssemblyTests.m; sourceTree = "<group>"; };
		29089B491EF2837AD5616F08 /* AMFBalanceRouterTests.m */ = {isa = PBXFileReference; includeInIndex = 1; lastKnownFileType = sourcecode.c.objc; path = AMFBalanceRouterTests.m; sourceTree = "<group>"; };
		3596188E8037A4F1EF66BAED /* AMFWalletAssemblyTests.m */ = {isa = PBXFileReference; includeInIndex = 1; lastKnownFileType = sourcecode.c.objc; path = AMFWalletAssemblyTests.m; sourceTree = "<group>"; };
		35998CE25D285D7C9B73912C /* AMFFlowViewControllerTests.m */ = {isa = PBXFileReference; includeInIndex = 1; lastKnownFileType = sourcecode.c.objc; path = AMFFlowViewControllerTests.m; sourceTree = "<group>"; };
		4553CD5A8CD6D4B4AC51A222 /* Pods-funds.debug.xcconfig */ = {isa = PBXFileReference; includeInIndex = 1; lastKnownFileType = text.xcconfig; name = "Pods-funds.debug.xcconfig"; path = "Pods/Target Support Files/Pods-funds/Pods-funds.debug.xcconfig"; sourceTree = "<group>"; };
		4C046FAA1E73C37C001E73A6 /* Base */ = {isa = PBXFileReference; lastKnownFileType = text.plist.strings; name = Base; path = Base.lproj/Localizable.strings; sourceTree = "<group>"; };
		4C53EC101E6DC7B400725AF8 /* funds.app */ = {isa = PBXFileReference; explicitFileType = wrapper.application; includeInIndex = 0; path = funds.app; sourceTree = BUILT_PRODUCTS_DIR; };
		4C53EC141E6DC7B400725AF8 /* main.m */ = {isa = PBXFileReference; lastKnownFileType = sourcecode.c.objc; path = main.m; sourceTree = "<group>"; };
		4C53EC161E6DC7B400725AF8 /* AppDelegate.h */ = {isa = PBXFileReference; lastKnownFileType = sourcecode.c.h; path = AppDelegate.h; sourceTree = "<group>"; };
		4C53EC171E6DC7B400725AF8 /* AppDelegate.m */ = {isa = PBXFileReference; lastKnownFileType = sourcecode.c.objc; path = AppDelegate.m; sourceTree = "<group>"; };
		4C53EC1D1E6DC7B400725AF8 /* Base */ = {isa = PBXFileReference; lastKnownFileType = file.storyboard; name = Base; path = Base.lproj/Main.storyboard; sourceTree = "<group>"; };
		4C53EC201E6DC7B400725AF8 /* funds.xcdatamodel */ = {isa = PBXFileReference; lastKnownFileType = wrapper.xcdatamodel; path = funds.xcdatamodel; sourceTree = "<group>"; };
		4C53EC221E6DC7B400725AF8 /* Assets.xcassets */ = {isa = PBXFileReference; lastKnownFileType = folder.assetcatalog; path = Assets.xcassets; sourceTree = "<group>"; };
		4C53EC251E6DC7B400725AF8 /* Base */ = {isa = PBXFileReference; lastKnownFileType = file.storyboard; name = Base; path = Base.lproj/LaunchScreen.storyboard; sourceTree = "<group>"; };
		4C53EC271E6DC7B400725AF8 /* Info.plist */ = {isa = PBXFileReference; lastKnownFileType = text.plist.xml; path = Info.plist; sourceTree = "<group>"; };
		4C53EC2C1E6DC7B400725AF8 /* fundsTests.xctest */ = {isa = PBXFileReference; explicitFileType = wrapper.cfbundle; includeInIndex = 0; path = fundsTests.xctest; sourceTree = BUILT_PRODUCTS_DIR; };
		4C53EC301E6DC7B400725AF8 /* fundsTests.m */ = {isa = PBXFileReference; lastKnownFileType = sourcecode.c.objc; path = fundsTests.m; sourceTree = "<group>"; };
		4C53EC321E6DC7B400725AF8 /* Info.plist */ = {isa = PBXFileReference; lastKnownFileType = text.plist.xml; path = Info.plist; sourceTree = "<group>"; };
		4C53EC3F1E6EFA2100725AF8 /* ApplicationAssembly.h */ = {isa = PBXFileReference; fileEncoding = 4; lastKnownFileType = sourcecode.c.h; name = ApplicationAssembly.h; path = LaunchSystem/AppDelegates/ApplicationAssembly.h; sourceTree = "<group>"; };
		4C53EC401E6EFA2100725AF8 /* ApplicationAssembly.m */ = {isa = PBXFileReference; fileEncoding = 4; lastKnownFileType = sourcecode.c.objc; name = ApplicationAssembly.m; path = LaunchSystem/AppDelegates/ApplicationAssembly.m; sourceTree = "<group>"; };
		4C53EC421E6F03EF00725AF8 /* TyphoonAppDelegate.h */ = {isa = PBXFileReference; fileEncoding = 4; lastKnownFileType = sourcecode.c.h; name = TyphoonAppDelegate.h; path = LaunchSystem/AppDelegates/TyphoonAppDelegate.h; sourceTree = "<group>"; };
		4C53EC431E6F03EF00725AF8 /* TyphoonAppDelegate.m */ = {isa = PBXFileReference; fileEncoding = 4; lastKnownFileType = sourcecode.c.objc; name = TyphoonAppDelegate.m; path = LaunchSystem/AppDelegates/TyphoonAppDelegate.m; sourceTree = "<group>"; };
		4C53EC491E700F2400725AF8 /* AMFTheme.h */ = {isa = PBXFileReference; fileEncoding = 4; lastKnownFileType = sourcecode.c.h; name = AMFTheme.h; path = Themes/AMFTheme.h; sourceTree = "<group>"; };
		4C53EC4A1E700F2400725AF8 /* AMFTheme.m */ = {isa = PBXFileReference; fileEncoding = 4; lastKnownFileType = sourcecode.c.objc; name = AMFTheme.m; path = Themes/AMFTheme.m; sourceTree = "<group>"; };
		4C53EC4C1E7010D500725AF8 /* AMFThemeFactory.h */ = {isa = PBXFileReference; fileEncoding = 4; lastKnownFileType = sourcecode.c.h; name = AMFThemeFactory.h; path = Themes/AMFThemeFactory.h; sourceTree = "<group>"; };
		4C53EC4D1E7010D500725AF8 /* AMFThemeFactory.m */ = {isa = PBXFileReference; fileEncoding = 4; lastKnownFileType = sourcecode.c.objc; name = AMFThemeFactory.m; path = Themes/AMFThemeFactory.m; sourceTree = "<group>"; };
		4C53EC4F1E70140400725AF8 /* funds-prefix.pch */ = {isa = PBXFileReference; lastKnownFileType = sourcecode.c.h; path = "funds-prefix.pch"; sourceTree = "<group>"; };
		4C53EC511E701B1700725AF8 /* AMFThemeable.h */ = {isa = PBXFileReference; fileEncoding = 4; lastKnownFileType = sourcecode.c.h; name = AMFThemeable.h; path = Themes/AMFThemeable.h; sourceTree = "<group>"; };
		4C53EC641E703CF000725AF8 /* AMFDataSupplyProtocol.h */ = {isa = PBXFileReference; fileEncoding = 4; lastKnownFileType = sourcecode.c.h; name = AMFDataSupplyProtocol.h; path = DataSource/AMFDataSupplyProtocol.h; sourceTree = "<group>"; };
		4C53EC681E7040AA00725AF8 /* AMFCurrencyProtocol.h */ = {isa = PBXFileReference; lastKnownFileType = sourcecode.c.h; name = AMFCurrencyProtocol.h; path = DataSource/AMFCurrencyProtocol.h; sourceTree = "<group>"; };
		4C53EC691E70418300725AF8 /* AMFWalletProtocol.h */ = {isa = PBXFileReference; fileEncoding = 4; lastKnownFileType = sourcecode.c.h; name = AMFWalletProtocol.h; path = DataSource/AMFWalletProtocol.h; sourceTree = "<group>"; };
		4C53EC6A1E70418300725AF8 /* AMFCashProtocol.h */ = {isa = PBXFileReference; fileEncoding = 4; lastKnownFileType = sourcecode.c.h; name = AMFCashProtocol.h; path = DataSource/AMFCashProtocol.h; sourceTree = "<group>"; };
		4C53EC6B1E7041F700725AF8 /* AMFCategoryProtocol.h */ = {isa = PBXFileReference; fileEncoding = 4; lastKnownFileType = sourcecode.c.h; name = AMFCategoryProtocol.h; path = DataSource/AMFCategoryProtocol.h; sourceTree = "<group>"; };
		4C53EC811E705D1A00725AF8 /* AMFThemeAssembly.h */ = {isa = PBXFileReference; fileEncoding = 4; lastKnownFileType = sourcecode.c.h; name = AMFThemeAssembly.h; path = Themes/AMFThemeAssembly.h; sourceTree = "<group>"; };
		4C53EC821E705D1A00725AF8 /* AMFThemeAssembly.m */ = {isa = PBXFileReference; fileEncoding = 4; lastKnownFileType = sourcecode.c.objc; name = AMFThemeAssembly.m; path = Themes/AMFThemeAssembly.m; sourceTree = "<group>"; };
		4C53EC841E70663200725AF8 /* AMFDataSupplierAssembly.h */ = {isa = PBXFileReference; fileEncoding = 4; lastKnownFileType = sourcecode.c.h; name = AMFDataSupplierAssembly.h; path = DataSource/AMFDataSupplierAssembly.h; sourceTree = "<group>"; };
		4C53EC851E70663200725AF8 /* AMFDataSupplierAssembly.m */ = {isa = PBXFileReference; fileEncoding = 4; lastKnownFileType = sourcecode.c.objc; name = AMFDataSupplierAssembly.m; path = DataSource/AMFDataSupplierAssembly.m; sourceTree = "<group>"; };
		4C53EC881E70700000725AF8 /* AMFDataSupplier.h */ = {isa = PBXFileReference; fileEncoding = 4; lastKnownFileType = sourcecode.c.h; name = AMFDataSupplier.h; path = DataSource/AMFDataSupplier.h; sourceTree = "<group>"; };
		4C53EC891E70700000725AF8 /* AMFDataSupplier.m */ = {isa = PBXFileReference; fileEncoding = 4; lastKnownFileType = sourcecode.c.objc; name = AMFDataSupplier.m; path = DataSource/AMFDataSupplier.m; sourceTree = "<group>"; };
		4C53EC8B1E708BFB00725AF8 /* AMFWalletAssembly.m */ = {isa = PBXFileReference; fileEncoding = 4; lastKnownFileType = sourcecode.c.objc; name = AMFWalletAssembly.m; path = funds/Viper/Wallet/Assembly/AMFWalletAssembly.m; sourceTree = SOURCE_ROOT; };
		4C53EC8C1E708BFB00725AF8 /* AMFWalletAssembly.h */ = {isa = PBXFileReference; fileEncoding = 4; lastKnownFileType = sourcecode.c.h; name = AMFWalletAssembly.h; path = funds/Viper/Wallet/Assembly/AMFWalletAssembly.h; sourceTree = SOURCE_ROOT; };
		4C53EC8E1E708C0900725AF8 /* AMFWalletViewOutput.h */ = {isa = PBXFileReference; fileEncoding = 4; lastKnownFileType = sourcecode.c.h; name = AMFWalletViewOutput.h; path = funds/Viper/Wallet/View/AMFWalletViewOutput.h; sourceTree = SOURCE_ROOT; };
		4C53EC8F1E708C0900725AF8 /* AMFWalletViewInput.h */ = {isa = PBXFileReference; fileEncoding = 4; lastKnownFileType = sourcecode.c.h; name = AMFWalletViewInput.h; path = funds/Viper/Wallet/View/AMFWalletViewInput.h; sourceTree = SOURCE_ROOT; };
		4C53EC901E708C0900725AF8 /* AMFWalletViewController.m */ = {isa = PBXFileReference; fileEncoding = 4; lastKnownFileType = sourcecode.c.objc; name = AMFWalletViewController.m; path = funds/Viper/Wallet/View/AMFWalletViewController.m; sourceTree = SOURCE_ROOT; };
		4C53EC911E708C0900725AF8 /* AMFWalletViewController.h */ = {isa = PBXFileReference; fileEncoding = 4; lastKnownFileType = sourcecode.c.h; name = AMFWalletViewController.h; path = funds/Viper/Wallet/View/AMFWalletViewController.h; sourceTree = SOURCE_ROOT; };
		4C53EC931E708C1600725AF8 /* AMFWalletPresenter.m */ = {isa = PBXFileReference; fileEncoding = 4; lastKnownFileType = sourcecode.c.objc; name = AMFWalletPresenter.m; path = funds/Viper/Wallet/Presenter/AMFWalletPresenter.m; sourceTree = SOURCE_ROOT; };
		4C53EC941E708C1600725AF8 /* AMFWalletPresenter.h */ = {isa = PBXFileReference; fileEncoding = 4; lastKnownFileType = sourcecode.c.h; name = AMFWalletPresenter.h; path = funds/Viper/Wallet/Presenter/AMFWalletPresenter.h; sourceTree = SOURCE_ROOT; };
		4C53EC951E708C1600725AF8 /* AMFWalletModuleInput.h */ = {isa = PBXFileReference; fileEncoding = 4; lastKnownFileType = sourcecode.c.h; name = AMFWalletModuleInput.h; path = funds/Viper/Wallet/Presenter/AMFWalletModuleInput.h; sourceTree = SOURCE_ROOT; };
		4C53EC971E708C2500725AF8 /* AMFWalletInteractorOutput.h */ = {isa = PBXFileReference; fileEncoding = 4; lastKnownFileType = sourcecode.c.h; name = AMFWalletInteractorOutput.h; path = funds/Viper/Wallet/Interactor/AMFWalletInteractorOutput.h; sourceTree = SOURCE_ROOT; };
		4C53EC981E708C2500725AF8 /* AMFWalletInteractorInput.h */ = {isa = PBXFileReference; fileEncoding = 4; lastKnownFileType = sourcecode.c.h; name = AMFWalletInteractorInput.h; path = funds/Viper/Wallet/Interactor/AMFWalletInteractorInput.h; sourceTree = SOURCE_ROOT; };
		4C53EC991E708C2500725AF8 /* AMFWalletInteractor.m */ = {isa = PBXFileReference; fileEncoding = 4; lastKnownFileType = sourcecode.c.objc; name = AMFWalletInteractor.m; path = funds/Viper/Wallet/Interactor/AMFWalletInteractor.m; sourceTree = SOURCE_ROOT; };
		4C53EC9A1E708C2500725AF8 /* AMFWalletInteractor.h */ = {isa = PBXFileReference; fileEncoding = 4; lastKnownFileType = sourcecode.c.h; name = AMFWalletInteractor.h; path = funds/Viper/Wallet/Interactor/AMFWalletInteractor.h; sourceTree = SOURCE_ROOT; };
		4C53EC9C1E708C3300725AF8 /* AMFWalletRouterInput.h */ = {isa = PBXFileReference; fileEncoding = 4; lastKnownFileType = sourcecode.c.h; name = AMFWalletRouterInput.h; path = funds/Viper/Wallet/Router/AMFWalletRouterInput.h; sourceTree = SOURCE_ROOT; };
		4C53EC9D1E708C3300725AF8 /* AMFWalletRouter.m */ = {isa = PBXFileReference; fileEncoding = 4; lastKnownFileType = sourcecode.c.objc; name = AMFWalletRouter.m; path = funds/Viper/Wallet/Router/AMFWalletRouter.m; sourceTree = SOURCE_ROOT; };
		4C53EC9E1E708C3300725AF8 /* AMFWalletRouter.h */ = {isa = PBXFileReference; fileEncoding = 4; lastKnownFileType = sourcecode.c.h; name = AMFWalletRouter.h; path = funds/Viper/Wallet/Router/AMFWalletRouter.h; sourceTree = SOURCE_ROOT; };
		4C53ECA01E70902700725AF8 /* AMFBalanceAssembly.m */ = {isa = PBXFileReference; fileEncoding = 4; lastKnownFileType = sourcecode.c.objc; name = AMFBalanceAssembly.m; path = funds/Viper/Balance/Assembly/AMFBalanceAssembly.m; sourceTree = SOURCE_ROOT; };
		4C53ECA11E70902700725AF8 /* AMFBalanceAssembly.h */ = {isa = PBXFileReference; fileEncoding = 4; lastKnownFileType = sourcecode.c.h; name = AMFBalanceAssembly.h; path = funds/Viper/Balance/Assembly/AMFBalanceAssembly.h; sourceTree = SOURCE_ROOT; };
		4C53ECA31E70903700725AF8 /* AMFBalanceViewOutput.h */ = {isa = PBXFileReference; fileEncoding = 4; lastKnownFileType = sourcecode.c.h; name = AMFBalanceViewOutput.h; path = funds/Viper/Balance/View/AMFBalanceViewOutput.h; sourceTree = SOURCE_ROOT; };
		4C53ECA41E70903700725AF8 /* AMFBalanceViewInput.h */ = {isa = PBXFileReference; fileEncoding = 4; lastKnownFileType = sourcecode.c.h; name = AMFBalanceViewInput.h; path = funds/Viper/Balance/View/AMFBalanceViewInput.h; sourceTree = SOURCE_ROOT; };
		4C53ECA51E70903700725AF8 /* AMFBalanceViewController.m */ = {isa = PBXFileReference; fileEncoding = 4; lastKnownFileType = sourcecode.c.objc; name = AMFBalanceViewController.m; path = funds/Viper/Balance/View/AMFBalanceViewController.m; sourceTree = SOURCE_ROOT; };
		4C53ECA61E70903700725AF8 /* AMFBalanceViewController.h */ = {isa = PBXFileReference; fileEncoding = 4; lastKnownFileType = sourcecode.c.h; name = AMFBalanceViewController.h; path = funds/Viper/Balance/View/AMFBalanceViewController.h; sourceTree = SOURCE_ROOT; };
		4C53ECA81E70904800725AF8 /* AMFBalancePresenter.m */ = {isa = PBXFileReference; fileEncoding = 4; lastKnownFileType = sourcecode.c.objc; name = AMFBalancePresenter.m; path = funds/Viper/Balance/Presenter/AMFBalancePresenter.m; sourceTree = SOURCE_ROOT; };
		4C53ECA91E70904800725AF8 /* AMFBalancePresenter.h */ = {isa = PBXFileReference; fileEncoding = 4; lastKnownFileType = sourcecode.c.h; name = AMFBalancePresenter.h; path = funds/Viper/Balance/Presenter/AMFBalancePresenter.h; sourceTree = SOURCE_ROOT; };
		4C53ECAA1E70904800725AF8 /* AMFBalanceModuleInput.h */ = {isa = PBXFileReference; fileEncoding = 4; lastKnownFileType = sourcecode.c.h; name = AMFBalanceModuleInput.h; path = funds/Viper/Balance/Presenter/AMFBalanceModuleInput.h; sourceTree = SOURCE_ROOT; };
		4C53ECAC1E70905800725AF8 /* AMFBalanceInteractorOutput.h */ = {isa = PBXFileReference; fileEncoding = 4; lastKnownFileType = sourcecode.c.h; name = AMFBalanceInteractorOutput.h; path = funds/Viper/Balance/Interactor/AMFBalanceInteractorOutput.h; sourceTree = SOURCE_ROOT; };
		4C53ECAD1E70905800725AF8 /* AMFBalanceInteractorInput.h */ = {isa = PBXFileReference; fileEncoding = 4; lastKnownFileType = sourcecode.c.h; name = AMFBalanceInteractorInput.h; path = funds/Viper/Balance/Interactor/AMFBalanceInteractorInput.h; sourceTree = SOURCE_ROOT; };
		4C53ECAE1E70905800725AF8 /* AMFBalanceInteractor.m */ = {isa = PBXFileReference; fileEncoding = 4; lastKnownFileType = sourcecode.c.objc; name = AMFBalanceInteractor.m; path = funds/Viper/Balance/Interactor/AMFBalanceInteractor.m; sourceTree = SOURCE_ROOT; };
		4C53ECAF1E70905800725AF8 /* AMFBalanceInteractor.h */ = {isa = PBXFileReference; fileEncoding = 4; lastKnownFileType = sourcecode.c.h; name = AMFBalanceInteractor.h; path = funds/Viper/Balance/Interactor/AMFBalanceInteractor.h; sourceTree = SOURCE_ROOT; };
		4C53ECB11E70906700725AF8 /* AMFBalanceRouterInput.h */ = {isa = PBXFileReference; fileEncoding = 4; lastKnownFileType = sourcecode.c.h; name = AMFBalanceRouterInput.h; path = funds/Viper/Balance/Router/AMFBalanceRouterInput.h; sourceTree = SOURCE_ROOT; };
		4C53ECB21E70906700725AF8 /* AMFBalanceRouter.m */ = {isa = PBXFileReference; fileEncoding = 4; lastKnownFileType = sourcecode.c.objc; name = AMFBalanceRouter.m; path = funds/Viper/Balance/Router/AMFBalanceRouter.m; sourceTree = SOURCE_ROOT; };
		4C53ECB31E70906700725AF8 /* AMFBalanceRouter.h */ = {isa = PBXFileReference; fileEncoding = 4; lastKnownFileType = sourcecode.c.h; name = AMFBalanceRouter.h; path = funds/Viper/Balance/Router/AMFBalanceRouter.h; sourceTree = SOURCE_ROOT; };
		4C53ECB81E71129D00725AF8 /* Default-568h@2x.png */ = {isa = PBXFileReference; lastKnownFileType = image.png; path = "Default-568h@2x.png"; sourceTree = "<group>"; };
		4CAAF2FC7C1B476F0E36F2DF /* Pods-fundsTests.release.xcconfig */ = {isa = PBXFileReference; includeInIndex = 1; lastKnownFileType = text.xcconfig; name = "Pods-fundsTests.release.xcconfig"; path = "Pods/Target Support Files/Pods-fundsTests/Pods-fundsTests.release.xcconfig"; sourceTree = "<group>"; };
		4CE1587F1E7134630009BAF4 /* AMFStorageHandlerProtocol.h */ = {isa = PBXFileReference; lastKnownFileType = sourcecode.c.h; name = AMFStorageHandlerProtocol.h; path = DataSource/AMFStorageHandlerProtocol.h; sourceTree = "<group>"; };
		4CE158841E7137970009BAF4 /* test.csv */ = {isa = PBXFileReference; fileEncoding = 4; lastKnownFileType = text; path = test.csv; sourceTree = "<group>"; };
		4CE158AF1E716B8A0009BAF4 /* AMFCashFlow+CoreDataClass.h */ = {isa = PBXFileReference; fileEncoding = 4; lastKnownFileType = sourcecode.c.h; name = "AMFCashFlow+CoreDataClass.h"; path = "DataSource/ponso/AMFCashFlow+CoreDataClass.h"; sourceTree = "<group>"; };
		4CE158B01E716B8A0009BAF4 /* AMFCashFlow+CoreDataClass.m */ = {isa = PBXFileReference; fileEncoding = 4; lastKnownFileType = sourcecode.c.objc; name = "AMFCashFlow+CoreDataClass.m"; path = "DataSource/ponso/AMFCashFlow+CoreDataClass.m"; sourceTree = "<group>"; };
		4CE158B11E716B8A0009BAF4 /* AMFCashFlow+CoreDataProperties.h */ = {isa = PBXFileReference; fileEncoding = 4; lastKnownFileType = sourcecode.c.h; name = "AMFCashFlow+CoreDataProperties.h"; path = "DataSource/ponso/AMFCashFlow+CoreDataProperties.h"; sourceTree = "<group>"; };
		4CE158B21E716B8A0009BAF4 /* AMFCashFlow+CoreDataProperties.m */ = {isa = PBXFileReference; fileEncoding = 4; lastKnownFileType = sourcecode.c.objc; name = "AMFCashFlow+CoreDataProperties.m"; path = "DataSource/ponso/AMFCashFlow+CoreDataProperties.m"; sourceTree = "<group>"; };
		4CE158B51E716B950009BAF4 /* AMFWallet+CoreDataClass.h */ = {isa = PBXFileReference; fileEncoding = 4; lastKnownFileType = sourcecode.c.h; name = "AMFWallet+CoreDataClass.h"; path = "DataSource/ponso/AMFWallet+CoreDataClass.h"; sourceTree = "<group>"; };
		4CE158B61E716B950009BAF4 /* AMFWallet+CoreDataClass.m */ = {isa = PBXFileReference; fileEncoding = 4; lastKnownFileType = sourcecode.c.objc; name = "AMFWallet+CoreDataClass.m"; path = "DataSource/ponso/AMFWallet+CoreDataClass.m"; sourceTree = "<group>"; };
		4CE158B71E716B950009BAF4 /* AMFWallet+CoreDataProperties.h */ = {isa = PBXFileReference; fileEncoding = 4; lastKnownFileType = sourcecode.c.h; name = "AMFWallet+CoreDataProperties.h"; path = "DataSource/ponso/AMFWallet+CoreDataProperties.h"; sourceTree = "<group>"; };
		4CE158B81E716B950009BAF4 /* AMFWallet+CoreDataProperties.m */ = {isa = PBXFileReference; fileEncoding = 4; lastKnownFileType = sourcecode.c.objc; name = "AMFWallet+CoreDataProperties.m"; path = "DataSource/ponso/AMFWallet+CoreDataProperties.m"; sourceTree = "<group>"; };
		4CE158BB1E716BA20009BAF4 /* AMFCurrency+CoreDataClass.h */ = {isa = PBXFileReference; fileEncoding = 4; lastKnownFileType = sourcecode.c.h; name = "AMFCurrency+CoreDataClass.h"; path = "DataSource/ponso/AMFCurrency+CoreDataClass.h"; sourceTree = "<group>"; };
		4CE158BC1E716BA20009BAF4 /* AMFCurrency+CoreDataClass.m */ = {isa = PBXFileReference; fileEncoding = 4; lastKnownFileType = sourcecode.c.objc; name = "AMFCurrency+CoreDataClass.m"; path = "DataSource/ponso/AMFCurrency+CoreDataClass.m"; sourceTree = "<group>"; };
		4CE158BD1E716BA20009BAF4 /* AMFCurrency+CoreDataProperties.h */ = {isa = PBXFileReference; fileEncoding = 4; lastKnownFileType = sourcecode.c.h; name = "AMFCurrency+CoreDataProperties.h"; path = "DataSource/ponso/AMFCurrency+CoreDataProperties.h"; sourceTree = "<group>"; };
		4CE158BE1E716BA20009BAF4 /* AMFCurrency+CoreDataProperties.m */ = {isa = PBXFileReference; fileEncoding = 4; lastKnownFileType = sourcecode.c.objc; name = "AMFCurrency+CoreDataProperties.m"; path = "DataSource/ponso/AMFCurrency+CoreDataProperties.m"; sourceTree = "<group>"; };
		4CE158C11E716BBE0009BAF4 /* AMFCategory+CoreDataClass.h */ = {isa = PBXFileReference; fileEncoding = 4; lastKnownFileType = sourcecode.c.h; name = "AMFCategory+CoreDataClass.h"; path = "DataSource/ponso/AMFCategory+CoreDataClass.h"; sourceTree = "<group>"; };
		4CE158C21E716BBE0009BAF4 /* AMFCategory+CoreDataClass.m */ = {isa = PBXFileReference; fileEncoding = 4; lastKnownFileType = sourcecode.c.objc; name = "AMFCategory+CoreDataClass.m"; path = "DataSource/ponso/AMFCategory+CoreDataClass.m"; sourceTree = "<group>"; };
		4CE158C31E716BBE0009BAF4 /* AMFCategory+CoreDataProperties.h */ = {isa = PBXFileReference; fileEncoding = 4; lastKnownFileType = sourcecode.c.h; name = "AMFCategory+CoreDataProperties.h"; path = "DataSource/ponso/AMFCategory+CoreDataProperties.h"; sourceTree = "<group>"; };
		4CE158C41E716BBE0009BAF4 /* AMFCategory+CoreDataProperties.m */ = {isa = PBXFileReference; fileEncoding = 4; lastKnownFileType = sourcecode.c.objc; name = "AMFCategory+CoreDataProperties.m"; path = "DataSource/ponso/AMFCategory+CoreDataProperties.m"; sourceTree = "<group>"; };
		4CE158C71E716BC80009BAF4 /* AMFPage+CoreDataClass.h */ = {isa = PBXFileReference; fileEncoding = 4; lastKnownFileType = sourcecode.c.h; name = "AMFPage+CoreDataClass.h"; path = "DataSource/ponso/AMFPage+CoreDataClass.h"; sourceTree = "<group>"; };
		4CE158C81E716BC80009BAF4 /* AMFPage+CoreDataClass.m */ = {isa = PBXFileReference; fileEncoding = 4; lastKnownFileType = sourcecode.c.objc; name = "AMFPage+CoreDataClass.m"; path = "DataSource/ponso/AMFPage+CoreDataClass.m"; sourceTree = "<group>"; };
		4CE158C91E716BC80009BAF4 /* AMFPage+CoreDataProperties.h */ = {isa = PBXFileReference; fileEncoding = 4; lastKnownFileType = sourcecode.c.h; name = "AMFPage+CoreDataProperties.h"; path = "DataSource/ponso/AMFPage+CoreDataProperties.h"; sourceTree = "<group>"; };
		4CE158CA1E716BC80009BAF4 /* AMFPage+CoreDataProperties.m */ = {isa = PBXFileReference; fileEncoding = 4; lastKnownFileType = sourcecode.c.objc; name = "AMFPage+CoreDataProperties.m"; path = "DataSource/ponso/AMFPage+CoreDataProperties.m"; sourceTree = "<group>"; };
		4CE158CD1E717A750009BAF4 /* AMFPageProtocol.h */ = {isa = PBXFileReference; lastKnownFileType = sourcecode.c.h; name = AMFPageProtocol.h; path = DataSource/AMFPageProtocol.h; sourceTree = "<group>"; };
		4CE158D41E718B390009BAF4 /* AMFSQLCoreDataHandler.h */ = {isa = PBXFileReference; fileEncoding = 4; lastKnownFileType = sourcecode.c.h; name = AMFSQLCoreDataHandler.h; path = DataSource/CoreData/AMFSQLCoreDataHandler.h; sourceTree = "<group>"; };
		4CE158D51E718B390009BAF4 /* AMFSQLCoreDataHandler.m */ = {isa = PBXFileReference; fileEncoding = 4; lastKnownFileType = sourcecode.c.objc; name = AMFSQLCoreDataHandler.m; path = DataSource/CoreData/AMFSQLCoreDataHandler.m; sourceTree = "<group>"; };
		4CE158D91E71A7BB0009BAF4 /* DataStorageTests.m */ = {isa = PBXFileReference; fileEncoding = 4; lastKnownFileType = sourcecode.c.objc; name = DataStorageTests.m; path = DataStorage/DataStorageTests.m; sourceTree = "<group>"; };
		4CE158DB1E71B8590009BAF4 /* AMFBudgetCSVReader.h */ = {isa = PBXFileReference; fileEncoding = 4; lastKnownFileType = sourcecode.c.h; name = AMFBudgetCSVReader.h; path = DataSource/utils/AMFBudgetCSVReader.h; sourceTree = "<group>"; };
		4CE158DC1E71B8590009BAF4 /* AMFBudgetCSVReader.m */ = {isa = PBXFileReference; fileEncoding = 4; lastKnownFileType = sourcecode.c.objc; name = AMFBudgetCSVReader.m; path = DataSource/utils/AMFBudgetCSVReader.m; sourceTree = "<group>"; };
		4CE158DE1E71B9340009BAF4 /* AMFPlainBudgetData.h */ = {isa = PBXFileReference; fileEncoding = 4; lastKnownFileType = sourcecode.c.h; name = AMFPlainBudgetData.h; path = DataSource/utils/AMFPlainBudgetData.h; sourceTree = "<group>"; };
		4CE158DF1E71B9340009BAF4 /* AMFPlainBudgetData.m */ = {isa = PBXFileReference; fileEncoding = 4; lastKnownFileType = sourcecode.c.objc; name = AMFPlainBudgetData.m; path = DataSource/utils/AMFPlainBudgetData.m; sourceTree = "<group>"; };
		4CE158E11E71C4C70009BAF4 /* AMFCashPlain.h */ = {isa = PBXFileReference; fileEncoding = 4; lastKnownFileType = sourcecode.c.h; name = AMFCashPlain.h; path = DataSource/ponso/AMFCashPlain.h; sourceTree = "<group>"; };
		4CE158E21E71C4C70009BAF4 /* AMFCashPlain.m */ = {isa = PBXFileReference; fileEncoding = 4; lastKnownFileType = sourcecode.c.objc; name = AMFCashPlain.m; path = DataSource/ponso/AMFCashPlain.m; sourceTree = "<group>"; };
		4CE158E41E71C5100009BAF4 /* AMFCategoryPlain.h */ = {isa = PBXFileReference; fileEncoding = 4; lastKnownFileType = sourcecode.c.h; name = AMFCategoryPlain.h; path = DataSource/ponso/AMFCategoryPlain.h; sourceTree = "<group>"; };
		4CE158E51E71C5100009BAF4 /* AMFCategoryPlain.m */ = {isa = PBXFileReference; fileEncoding = 4; lastKnownFileType = sourcecode.c.objc; name = AMFCategoryPlain.m; path = DataSource/ponso/AMFCategoryPlain.m; sourceTree = "<group>"; };
		4CE158E71E71C53B0009BAF4 /* AMFWalletPlain.h */ = {isa = PBXFileReference; fileEncoding = 4; lastKnownFileType = sourcecode.c.h; name = AMFWalletPlain.h; path = DataSource/ponso/AMFWalletPlain.h; sourceTree = "<group>"; };
		4CE158E81E71C53B0009BAF4 /* AMFWalletPlain.m */ = {isa = PBXFileReference; fileEncoding = 4; lastKnownFileType = sourcecode.c.objc; name = AMFWalletPlain.m; path = DataSource/ponso/AMFWalletPlain.m; sourceTree = "<group>"; };
		4CE158EA1E71C56E0009BAF4 /* AMFPagePlain.h */ = {isa = PBXFileReference; fileEncoding = 4; lastKnownFileType = sourcecode.c.h; name = AMFPagePlain.h; path = DataSource/ponso/AMFPagePlain.h; sourceTree = "<group>"; };
		4CE158EB1E71C56E0009BAF4 /* AMFPagePlain.m */ = {isa = PBXFileReference; fileEncoding = 4; lastKnownFileType = sourcecode.c.objc; name = AMFPagePlain.m; path = DataSource/ponso/AMFPagePlain.m; sourceTree = "<group>"; };
		4CE158ED1E71C5890009BAF4 /* AMFCurrencyPlain.h */ = {isa = PBXFileReference; fileEncoding = 4; lastKnownFileType = sourcecode.c.h; name = AMFCurrencyPlain.h; path = DataSource/ponso/AMFCurrencyPlain.h; sourceTree = "<group>"; };
		4CE158EE1E71C5890009BAF4 /* AMFCurrencyPlain.m */ = {isa = PBXFileReference; fileEncoding = 4; lastKnownFileType = sourcecode.c.objc; name = AMFCurrencyPlain.m; path = DataSource/ponso/AMFCurrencyPlain.m; sourceTree = "<group>"; };
		4CE158F01E727F8F0009BAF4 /* AMFFlowModuleAssembly.m */ = {isa = PBXFileReference; fileEncoding = 4; lastKnownFileType = sourcecode.c.objc; name = AMFFlowModuleAssembly.m; path = funds/Viper/Flow/AMFFlowModuleAssembly.m; sourceTree = SOURCE_ROOT; };
		4CE158F11E727F8F0009BAF4 /* AMFFlowModuleAssembly.h */ = {isa = PBXFileReference; fileEncoding = 4; lastKnownFileType = sourcecode.c.h; name = AMFFlowModuleAssembly.h; path = funds/Viper/Flow/AMFFlowModuleAssembly.h; sourceTree = SOURCE_ROOT; };
		4CE158F31E727FB90009BAF4 /* AMFFlowViewOutput.h */ = {isa = PBXFileReference; fileEncoding = 4; lastKnownFileType = sourcecode.c.h; name = AMFFlowViewOutput.h; path = funds/Viper/Flow/AMFFlowViewOutput.h; sourceTree = SOURCE_ROOT; };
		4CE158F41E727FB90009BAF4 /* AMFFlowViewInput.h */ = {isa = PBXFileReference; fileEncoding = 4; lastKnownFileType = sourcecode.c.h; name = AMFFlowViewInput.h; path = funds/Viper/Flow/AMFFlowViewInput.h; sourceTree = SOURCE_ROOT; };
		4CE158F51E727FB90009BAF4 /* AMFFlowViewController.m */ = {isa = PBXFileReference; fileEncoding = 4; lastKnownFileType = sourcecode.c.objc; name = AMFFlowViewController.m; path = funds/Viper/Flow/AMFFlowViewController.m; sourceTree = SOURCE_ROOT; };
		4CE158F61E727FB90009BAF4 /* AMFFlowViewController.h */ = {isa = PBXFileReference; fileEncoding = 4; lastKnownFileType = sourcecode.c.h; name = AMFFlowViewController.h; path = funds/Viper/Flow/AMFFlowViewController.h; sourceTree = SOURCE_ROOT; };
		4CE158F81E727FFF0009BAF4 /* AMFFlowPresenter.m */ = {isa = PBXFileReference; fileEncoding = 4; lastKnownFileType = sourcecode.c.objc; name = AMFFlowPresenter.m; path = funds/Viper/Flow/AMFFlowPresenter.m; sourceTree = SOURCE_ROOT; };
		4CE158F91E727FFF0009BAF4 /* AMFFlowPresenter.h */ = {isa = PBXFileReference; fileEncoding = 4; lastKnownFileType = sourcecode.c.h; name = AMFFlowPresenter.h; path = funds/Viper/Flow/AMFFlowPresenter.h; sourceTree = SOURCE_ROOT; };
		4CE158FB1E7280370009BAF4 /* AMFFlowIteractor.m */ = {isa = PBXFileReference; fileEncoding = 4; lastKnownFileType = sourcecode.c.objc; name = AMFFlowIteractor.m; path = funds/Viper/Flow/AMFFlowIteractor.m; sourceTree = SOURCE_ROOT; };
		4CE158FC1E7280370009BAF4 /* AMFFlowInteractorOutput.h */ = {isa = PBXFileReference; fileEncoding = 4; lastKnownFileType = sourcecode.c.h; name = AMFFlowInteractorOutput.h; path = funds/Viper/Flow/AMFFlowInteractorOutput.h; sourceTree = SOURCE_ROOT; };
		4CE158FD1E7280370009BAF4 /* AMFFlowInteractorInput.h */ = {isa = PBXFileReference; fileEncoding = 4; lastKnownFileType = sourcecode.c.h; name = AMFFlowInteractorInput.h; path = funds/Viper/Flow/AMFFlowInteractorInput.h; sourceTree = SOURCE_ROOT; };
		4CE158FE1E7280370009BAF4 /* AMFFlowInteractor.h */ = {isa = PBXFileReference; fileEncoding = 4; lastKnownFileType = sourcecode.c.h; name = AMFFlowInteractor.h; path = funds/Viper/Flow/AMFFlowInteractor.h; sourceTree = SOURCE_ROOT; };
		4CE159001E72804F0009BAF4 /* AMFFlowRouterInput.h */ = {isa = PBXFileReference; fileEncoding = 4; lastKnownFileType = sourcecode.c.h; name = AMFFlowRouterInput.h; path = funds/Viper/Flow/AMFFlowRouterInput.h; sourceTree = SOURCE_ROOT; };
		4CE159011E72804F0009BAF4 /* AMFFlowRouter.m */ = {isa = PBXFileReference; fileEncoding = 4; lastKnownFileType = sourcecode.c.objc; name = AMFFlowRouter.m; path = funds/Viper/Flow/AMFFlowRouter.m; sourceTree = SOURCE_ROOT; };
		4CE159021E72804F0009BAF4 /* AMFFlowRouter.h */ = {isa = PBXFileReference; fileEncoding = 4; lastKnownFileType = sourcecode.c.h; name = AMFFlowRouter.h; path = funds/Viper/Flow/AMFFlowRouter.h; sourceTree = SOURCE_ROOT; };
		4CE159041E7283420009BAF4 /* AMFFlowModuleInput.h */ = {isa = PBXFileReference; fileEncoding = 4; lastKnownFileType = sourcecode.c.h; name = AMFFlowModuleInput.h; path = funds/Viper/Flow/AMFFlowModuleInput.h; sourceTree = SOURCE_ROOT; };
		4CE159061E7299610009BAF4 /* AMFFlowCell.h */ = {isa = PBXFileReference; fileEncoding = 4; lastKnownFileType = sourcecode.c.h; name = AMFFlowCell.h; path = funds/Viper/Flow/cells/AMFFlowCell.h; sourceTree = SOURCE_ROOT; };
		4CE159071E7299610009BAF4 /* AMFFlowCell.m */ = {isa = PBXFileReference; fileEncoding = 4; lastKnownFileType = sourcecode.c.objc; name = AMFFlowCell.m; path = funds/Viper/Flow/cells/AMFFlowCell.m; sourceTree = SOURCE_ROOT; };
		4CE1590D1E72FAE70009BAF4 /* AMFFileIntoDBReader.h */ = {isa = PBXFileReference; lastKnownFileType = sourcecode.c.h; name = AMFFileIntoDBReader.h; path = DataSource/AMFFileIntoDBReader.h; sourceTree = "<group>"; };
		4CE1590E1E72FC790009BAF4 /* AMFReaderFromCSV.h */ = {isa = PBXFileReference; fileEncoding = 4; lastKnownFileType = sourcecode.c.h; name = AMFReaderFromCSV.h; path = DataSource/utils/AMFReaderFromCSV.h; sourceTree = "<group>"; };
		4CE1590F1E72FC790009BAF4 /* AMFReaderFromCSV.m */ = {isa = PBXFileReference; fileEncoding = 4; lastKnownFileType = sourcecode.c.objc; name = AMFReaderFromCSV.m; path = DataSource/utils/AMFReaderFromCSV.m; sourceTree = "<group>"; };
		4CE159111E7301320009BAF4 /* AMFAppDelegateForReadingCSV.h */ = {isa = PBXFileReference; fileEncoding = 4; lastKnownFileType = sourcecode.c.h; name = AMFAppDelegateForReadingCSV.h; path = LaunchSystem/AppDelegates/AMFAppDelegateForReadingCSV.h; sourceTree = "<group>"; };
		4CE159121E7301320009BAF4 /* AMFAppDelegateForReadingCSV.m */ = {isa = PBXFileReference; fileEncoding = 4; lastKnownFileType = sourcecode.c.objc; name = AMFAppDelegateForReadingCSV.m; path = LaunchSystem/AppDelegates/AMFAppDelegateForReadingCSV.m; sourceTree = "<group>"; };
		4CE159171E73144D0009BAF4 /* AMFFlowData.h */ = {isa = PBXFileReference; fileEncoding = 4; lastKnownFileType = sourcecode.c.h; name = AMFFlowData.h; path = Viper/Flow/AMFFlowData.h; sourceTree = "<group>"; };
		4CE159181E73144D0009BAF4 /* AMFFlowData.m */ = {isa = PBXFileReference; fileEncoding = 4; lastKnownFileType = sourcecode.c.objc; name = AMFFlowData.m; path = Viper/Flow/AMFFlowData.m; sourceTree = "<group>"; };
		55CD0A71B43CC5D35DB871FD /* libPods-funds-fundsTests.a */ = {isa = PBXFileReference; explicitFileType = archive.ar; includeInIndex = 0; path = "libPods-funds-fundsTests.a"; sourceTree = BUILT_PRODUCTS_DIR; };
		5C6842F5427FA91A7D60D6E7 /* AMFFlowAssembly_Testable.h */ = {isa = PBXFileReference; includeInIndex = 1; lastKnownFileType = sourcecode.c.h; path = AMFFlowAssembly_Testable.h; sourceTree = "<group>"; };
		5FF2E2503CAE6521B3DA5052 /* AMFBalanceViewControllerTests.m */ = {isa = PBXFileReference; includeInIndex = 1; lastKnownFileType = sourcecode.c.objc; path = AMFBalanceViewControllerTests.m; sourceTree = "<group>"; };
		62F4CD3B7673FBCBDE1EBE90 /* AMFFlowAssemblyTests.m */ = {isa = PBXFileReference; includeInIndex = 1; lastKnownFileType = sourcecode.c.objc; path = AMFFlowAssemblyTests.m; sourceTree = "<group>"; };
		651AD28E37C586B5897ACA75 /* libPods-fundsTests.a */ = {isa = PBXFileReference; explicitFileType = archive.ar; includeInIndex = 0; path = "libPods-fundsTests.a"; sourceTree = BUILT_PRODUCTS_DIR; };
		6774CCB5E3F6273E167B15C6 /* AMFBalanceAssembly_Testable.h */ = {isa = PBXFileReference; includeInIndex = 1; lastKnownFileType = sourcecode.c.h; path = AMFBalanceAssembly_Testable.h; sourceTree = "<group>"; };
		6BE43B30512ACF84EF1C8DB8 /* AMFFlowInteractorTests.m */ = {isa = PBXFileReference; includeInIndex = 1; lastKnownFileType = sourcecode.c.objc; path = AMFFlowInteractorTests.m; sourceTree = "<group>"; };
		6F988B8F329D204CF5998903 /* AMFBalancePresenterTests.m */ = {isa = PBXFileReference; includeInIndex = 1; lastKnownFileType = sourcecode.c.objc; path = AMFBalancePresenterTests.m; sourceTree = "<group>"; };
		72C498335635EED9650F365E /* AMFBalanceInteractorTests.m */ = {isa = PBXFileReference; includeInIndex = 1; lastKnownFileType = sourcecode.c.objc; path = AMFBalanceInteractorTests.m; sourceTree = "<group>"; };
		84122EB5322F8255F74FB277 /* AMFFlowPresenterTests.m */ = {isa = PBXFileReference; includeInIndex = 1; lastKnownFileType = sourcecode.c.objc; path = AMFFlowPresenterTests.m; sourceTree = "<group>"; };
		90F1CD55E8D152D64779856D /* AMFWalletPresenterTests.m */ = {isa = PBXFileReference; includeInIndex = 1; lastKnownFileType = sourcecode.c.objc; path = AMFWalletPresenterTests.m; sourceTree = "<group>"; };
		A0750F4BE648FA527D861588 /* Pods-funds-fundsTests.release.xcconfig */ = {isa = PBXFileReference; includeInIndex = 1; lastKnownFileType = text.xcconfig; name = "Pods-funds-fundsTests.release.xcconfig"; path = "Pods/Target Support Files/Pods-funds-fundsTests/Pods-funds-fundsTests.release.xcconfig"; sourceTree = "<group>"; };
		AA5F4FA6CEDBD310FDEA7B46 /* Pods-fundsTests.debug.xcconfig */ = {isa = PBXFileReference; includeInIndex = 1; lastKnownFileType = text.xcconfig; name = "Pods-fundsTests.debug.xcconfig"; path = "Pods/Target Support Files/Pods-fundsTests/Pods-fundsTests.debug.xcconfig"; sourceTree = "<group>"; };
		DDD4A9895A549DF0C5796B3A /* AMFFlowRouterTests.m */ = {isa = PBXFileReference; includeInIndex = 1; lastKnownFileType = sourcecode.c.objc; path = AMFFlowRouterTests.m; sourceTree = "<group>"; };
		DF646DB673DEC62964BBF9C6 /* AMFWalletRouterTests.m */ = {isa = PBXFileReference; includeInIndex = 1; lastKnownFileType = sourcecode.c.objc; path = AMFWalletRouterTests.m; sourceTree = "<group>"; };
		E6FF58B489D2C6442E9274EA /* AMFWalletViewControllerTests.m */ = {isa = PBXFileReference; includeInIndex = 1; lastKnownFileType = sourcecode.c.objc; path = AMFWalletViewControllerTests.m; sourceTree = "<group>"; };
		ECB71916FF87A012D0090D81 /* Pods-funds-fundsTests.debug.xcconfig */ = {isa = PBXFileReference; includeInIndex = 1; lastKnownFileType = text.xcconfig; name = "Pods-funds-fundsTests.debug.xcconfig"; path = "Pods/Target Support Files/Pods-funds-fundsTests/Pods-funds-fundsTests.debug.xcconfig"; sourceTree = "<group>"; };
		F0F100817551440B172BCF0D /* AMFWalletAssembly_Testable.h */ = {isa = PBXFileReference; includeInIndex = 1; lastKnownFileType = sourcecode.c.h; path = AMFWalletAssembly_Testable.h; sourceTree = "<group>"; };
		F1D55D38C6EE88D761EE5012 /* AMFWalletInteractorTests.m */ = {isa = PBXFileReference; includeInIndex = 1; lastKnownFileType = sourcecode.c.objc; path = AMFWalletInteractorTests.m; sourceTree = "<group>"; };
		F22831C4022AD64BBC14907E /* Pods-funds.release.xcconfig */ = {isa = PBXFileReference; includeInIndex = 1; lastKnownFileType = text.xcconfig; name = "Pods-funds.release.xcconfig"; path = "Pods/Target Support Files/Pods-funds/Pods-funds.release.xcconfig"; sourceTree = "<group>"; };
		F51BF1C95C6D79DB02F11704 /* libPods-funds.a */ = {isa = PBXFileReference; explicitFileType = archive.ar; includeInIndex = 0; path = "libPods-funds.a"; sourceTree = BUILT_PRODUCTS_DIR; };
/* End PBXFileReference section */

/* Begin PBXFrameworksBuildPhase section */
		4C53EC0D1E6DC7B400725AF8 /* Frameworks */ = {
			isa = PBXFrameworksBuildPhase;
			buildActionMask = 2147483647;
			files = (
				0AE5592E2B72094B800891E1 /* libPods-funds.a in Frameworks */,
			);
			runOnlyForDeploymentPostprocessing = 0;
		};
		4C53EC291E6DC7B400725AF8 /* Frameworks */ = {
			isa = PBXFrameworksBuildPhase;
			buildActionMask = 2147483647;
			files = (
				C296CC9E55F870E1A288A3B1 /* libPods-funds-fundsTests.a in Frameworks */,
				65360BCB2CB6683E73ABB1B5 /* libPods-fundsTests.a in Frameworks */,
			);
			runOnlyForDeploymentPostprocessing = 0;
		};
/* End PBXFrameworksBuildPhase section */

/* Begin PBXGroup section */
		02A2EAD6E0F4EBD73503F267 /* Presenter */ = {
			isa = PBXGroup;
			children = (
				84122EB5322F8255F74FB277 /* AMFFlowPresenterTests.m */,
			);
			path = Presenter;
			sourceTree = "<group>";
		};
		07E26E51974CD4CDF66A9D85 /* View */ = {
			isa = PBXGroup;
			children = (
				5FF2E2503CAE6521B3DA5052 /* AMFBalanceViewControllerTests.m */,
			);
			path = View;
			sourceTree = "<group>";
		};
		0857CFAF01A277DDF35A2345 /* Presenter */ = {
			isa = PBXGroup;
			children = (
				4C53EC951E708C1600725AF8 /* AMFWalletModuleInput.h */,
				4C53EC941E708C1600725AF8 /* AMFWalletPresenter.h */,
				4C53EC931E708C1600725AF8 /* AMFWalletPresenter.m */,
			);
			path = Presenter;
			sourceTree = "<group>";
		};
		11B1BC48D2F4E6BC7A4FEA85 /* View */ = {
			isa = PBXGroup;
			children = (
				E6FF58B489D2C6442E9274EA /* AMFWalletViewControllerTests.m */,
			);
			path = View;
			sourceTree = "<group>";
		};
		1B4CD4AD928803124787A3D6 /* Interactor */ = {
			isa = PBXGroup;
			children = (
				4C53ECAD1E70905800725AF8 /* AMFBalanceInteractorInput.h */,
				4C53ECAF1E70905800725AF8 /* AMFBalanceInteractor.h */,
				4C53ECAE1E70905800725AF8 /* AMFBalanceInteractor.m */,
				4C53ECAC1E70905800725AF8 /* AMFBalanceInteractorOutput.h */,
			);
			path = Interactor;
			sourceTree = "<group>";
		};
		1C6AFFB4F3D5233F02A4AEF5 /* Router */ = {
			isa = PBXGroup;
			children = (
				DF646DB673DEC62964BBF9C6 /* AMFWalletRouterTests.m */,
			);
			path = Router;
			sourceTree = "<group>";
		};
		1C9FC664356115B6B91EEC6F /* View */ = {
			isa = PBXGroup;
			children = (
				4C53ECA41E70903700725AF8 /* AMFBalanceViewInput.h */,
				4C53ECA61E70903700725AF8 /* AMFBalanceViewController.h */,
				4C53ECA51E70903700725AF8 /* AMFBalanceViewController.m */,
				4C53ECA31E70903700725AF8 /* AMFBalanceViewOutput.h */,
			);
			path = View;
			sourceTree = "<group>";
		};
		2E9E90E1A6B970DDB7200396 /* Interactor */ = {
			isa = PBXGroup;
			children = (
				4C53EC971E708C2500725AF8 /* AMFWalletInteractorOutput.h */,
				4C53EC981E708C2500725AF8 /* AMFWalletInteractorInput.h */,
				4C53EC991E708C2500725AF8 /* AMFWalletInteractor.m */,
				4C53EC9A1E708C2500725AF8 /* AMFWalletInteractor.h */,
			);
			path = Interactor;
			sourceTree = "<group>";
		};
		31E711352525B4A62B6A2A42 /* View */ = {
			isa = PBXGroup;
			children = (
				4C53EC8F1E708C0900725AF8 /* AMFWalletViewInput.h */,
				4C53EC911E708C0900725AF8 /* AMFWalletViewController.h */,
				4C53EC901E708C0900725AF8 /* AMFWalletViewController.m */,
				4C53EC8E1E708C0900725AF8 /* AMFWalletViewOutput.h */,
			);
			path = View;
			sourceTree = "<group>";
		};
		385554B484A4062C4FD668A9 /* Interactor */ = {
			isa = PBXGroup;
			children = (
				F1D55D38C6EE88D761EE5012 /* AMFWalletInteractorTests.m */,
			);
			path = Interactor;
			sourceTree = "<group>";
		};
		3E9FAA71A720BBC1EE3FC4AD /* Router */ = {
			isa = PBXGroup;
			children = (
				4C53EC9C1E708C3300725AF8 /* AMFWalletRouterInput.h */,
				4C53EC9E1E708C3300725AF8 /* AMFWalletRouter.h */,
				4C53EC9D1E708C3300725AF8 /* AMFWalletRouter.m */,
			);
			path = Router;
			sourceTree = "<group>";
		};
		43FFBA46B5D932C9849967B0 /* Wallet */ = {
			isa = PBXGroup;
			children = (
				79BBEA932245C5F967F8F81A /* Assembly */,
				11B1BC48D2F4E6BC7A4FEA85 /* View */,
				860AE63177F6FC026849C08C /* Presenter */,
				385554B484A4062C4FD668A9 /* Interactor */,
				1C6AFFB4F3D5233F02A4AEF5 /* Router */,
			);
			path = Wallet;
			sourceTree = "<group>";
		};
		4A6FC7988D7AA29D2DCE5862 /* Assembly */ = {
			isa = PBXGroup;
			children = (
				4C53EC8C1E708BFB00725AF8 /* AMFWalletAssembly.h */,
				4C53EC8B1E708BFB00725AF8 /* AMFWalletAssembly.m */,
			);
			path = Assembly;
			sourceTree = "<group>";
		};
		4C53EC071E6DC7B400725AF8 = {
			isa = PBXGroup;
			children = (
				4C53ECB81E71129D00725AF8 /* Default-568h@2x.png */,
				4C53EC121E6DC7B400725AF8 /* funds */,
				4C53EC2F1E6DC7B400725AF8 /* fundsTests */,
				4C53EC111E6DC7B400725AF8 /* Products */,
				5CA3E39E00CCCA2672461FFE /* Pods */,
				5CFB872E768D68F3772298BF /* Frameworks */,
			);
			sourceTree = "<group>";
		};
		4C53EC111E6DC7B400725AF8 /* Products */ = {
			isa = PBXGroup;
			children = (
				4C53EC101E6DC7B400725AF8 /* funds.app */,
				4C53EC2C1E6DC7B400725AF8 /* fundsTests.xctest */,
			);
			name = Products;
			sourceTree = "<group>";
		};
		4C53EC121E6DC7B400725AF8 /* funds */ = {
			isa = PBXGroup;
			children = (
				4C53EC631E703C8800725AF8 /* DataSource */,
				4C53EC551E70349E00725AF8 /* Viper */,
				4C53EC481E700EFB00725AF8 /* Themes */,
				4C53EC3D1E6EF60200725AF8 /* LaunchSystem */,
				4C53EC1C1E6DC7B400725AF8 /* Main.storyboard */,
				4C53EC221E6DC7B400725AF8 /* Assets.xcassets */,
				4C53EC241E6DC7B400725AF8 /* LaunchScreen.storyboard */,
				4C53EC271E6DC7B400725AF8 /* Info.plist */,
				4C53EC1F1E6DC7B400725AF8 /* funds.xcdatamodeld */,
				4C53EC131E6DC7B400725AF8 /* Supporting Files */,
			);
			path = funds;
			sourceTree = "<group>";
		};
		4C53EC131E6DC7B400725AF8 /* Supporting Files */ = {
			isa = PBXGroup;
			children = (
				4C53EC141E6DC7B400725AF8 /* main.m */,
				4C53EC4F1E70140400725AF8 /* funds-prefix.pch */,
				4C046FA91E73C37C001E73A6 /* Localizable.strings */,
			);
			name = "Supporting Files";
			sourceTree = "<group>";
		};
		4C53EC2F1E6DC7B400725AF8 /* fundsTests */ = {
			isa = PBXGroup;
			children = (
				4CE158D81E71A7790009BAF4 /* DataStorage */,
				4CE158841E7137970009BAF4 /* test.csv */,
				4C53EC301E6DC7B400725AF8 /* fundsTests.m */,
				4C53EC321E6DC7B400725AF8 /* Info.plist */,
				43FFBA46B5D932C9849967B0 /* Wallet */,
				D821AF7400FB9C6A22E6FF94 /* Balance */,
				9E8DEE3CB97A97CCB51563A6 /* Flow */,
			);
			path = fundsTests;
			sourceTree = "<group>";
		};
		4C53EC3D1E6EF60200725AF8 /* LaunchSystem */ = {
			isa = PBXGroup;
			children = (
				4C53EC3E1E6EF60D00725AF8 /* AppDelegates */,
			);
			name = LaunchSystem;
			sourceTree = "<group>";
		};
		4C53EC3E1E6EF60D00725AF8 /* AppDelegates */ = {
			isa = PBXGroup;
			children = (
				4C53EC161E6DC7B400725AF8 /* AppDelegate.h */,
				4C53EC171E6DC7B400725AF8 /* AppDelegate.m */,
				4C53EC3F1E6EFA2100725AF8 /* ApplicationAssembly.h */,
				4C53EC401E6EFA2100725AF8 /* ApplicationAssembly.m */,
				4C53EC421E6F03EF00725AF8 /* TyphoonAppDelegate.h */,
				4C53EC431E6F03EF00725AF8 /* TyphoonAppDelegate.m */,
				4CE159111E7301320009BAF4 /* AMFAppDelegateForReadingCSV.h */,
				4CE159121E7301320009BAF4 /* AMFAppDelegateForReadingCSV.m */,
			);
			name = AppDelegates;
			sourceTree = "<group>";
		};
		4C53EC481E700EFB00725AF8 /* Themes */ = {
			isa = PBXGroup;
			children = (
				4C53EC491E700F2400725AF8 /* AMFTheme.h */,
				4C53EC4A1E700F2400725AF8 /* AMFTheme.m */,
				4C53EC4C1E7010D500725AF8 /* AMFThemeFactory.h */,
				4C53EC4D1E7010D500725AF8 /* AMFThemeFactory.m */,
				4C53EC511E701B1700725AF8 /* AMFThemeable.h */,
				4C53EC811E705D1A00725AF8 /* AMFThemeAssembly.h */,
				4C53EC821E705D1A00725AF8 /* AMFThemeAssembly.m */,
			);
			name = Themes;
			sourceTree = "<group>";
		};
		4C53EC551E70349E00725AF8 /* Viper */ = {
			isa = PBXGroup;
			children = (
				4C53EC5A1E70353900725AF8 /* Balance */,
				4C53EC591E70353100725AF8 /* Wallet */,
				4C53EC561E7034AF00725AF8 /* Flow */,
			);
			name = Viper;
			sourceTree = "<group>";
		};
		4C53EC561E7034AF00725AF8 /* Flow */ = {
			isa = PBXGroup;
			children = (
				65C5DD8C2F09B67A37B88E5A /* Assembly */,
				6CDDB3FB45F2FF4636AA218B /* View */,
				FC273430FDD83ED2F149E70A /* Presenter */,
				56BC129F048397C73B2D4DDE /* Interactor */,
				A107CD6CBD8C48812204A5D6 /* Router */,
				4CE159161E7314240009BAF4 /* Ponso */,
			);
			name = Flow;
			sourceTree = "<group>";
		};
		4C53EC591E70353100725AF8 /* Wallet */ = {
			isa = PBXGroup;
			children = (
				4A6FC7988D7AA29D2DCE5862 /* Assembly */,
				31E711352525B4A62B6A2A42 /* View */,
				2E9E90E1A6B970DDB7200396 /* Interactor */,
				0857CFAF01A277DDF35A2345 /* Presenter */,
				3E9FAA71A720BBC1EE3FC4AD /* Router */,
			);
			name = Wallet;
			sourceTree = "<group>";
		};
		4C53EC5A1E70353900725AF8 /* Balance */ = {
			isa = PBXGroup;
			children = (
				B6B0DC701E1769D8EFE1773C /* Assembly */,
				1C9FC664356115B6B91EEC6F /* View */,
				BBB33395558545766426AD8A /* Presenter */,
				1B4CD4AD928803124787A3D6 /* Interactor */,
				9825D461C3055D11F7A924A5 /* Router */,
			);
			name = Balance;
			sourceTree = "<group>";
		};
		4C53EC631E703C8800725AF8 /* DataSource */ = {
			isa = PBXGroup;
			children = (
				4CE158D11E718AB00009BAF4 /* Assembly */,
				4CE158801E7135880009BAF4 /* Ponsos and core data */,
				4C53EC801E70584700725AF8 /* protocols */,
				4CE158D21E718AD10009BAF4 /* CoreData */,
				4CE158D31E718AE90009BAF4 /* Utils */,
			);
			name = DataSource;
			sourceTree = "<group>";
		};
		4C53EC801E70584700725AF8 /* protocols */ = {
			isa = PBXGroup;
			children = (
				4C53EC641E703CF000725AF8 /* AMFDataSupplyProtocol.h */,
				4C53EC6A1E70418300725AF8 /* AMFCashProtocol.h */,
				4C53EC691E70418300725AF8 /* AMFWalletProtocol.h */,
				4C53EC681E7040AA00725AF8 /* AMFCurrencyProtocol.h */,
				4C53EC6B1E7041F700725AF8 /* AMFCategoryProtocol.h */,
				4CE158CD1E717A750009BAF4 /* AMFPageProtocol.h */,
				4CE1587F1E7134630009BAF4 /* AMFStorageHandlerProtocol.h */,
				4CE1590D1E72FAE70009BAF4 /* AMFFileIntoDBReader.h */,
			);
			name = protocols;
			sourceTree = "<group>";
		};
		4CE158801E7135880009BAF4 /* Ponsos and core data */ = {
			isa = PBXGroup;
			children = (
				4CE158A71E7167D00009BAF4 /* AMFCashFlow */,
				4CE158A81E7167DD0009BAF4 /* AMFCategory */,
				4CE158A61E7167C30009BAF4 /* AMFWallet */,
				4CE158A51E7167B70009BAF4 /* AMFPage */,
				4CE158A41E7167AA0009BAF4 /* AMFCurrency */,
			);
			name = "Ponsos and core data";
			sourceTree = "<group>";
		};
		4CE158A41E7167AA0009BAF4 /* AMFCurrency */ = {
			isa = PBXGroup;
			children = (
				4CE158BB1E716BA20009BAF4 /* AMFCurrency+CoreDataClass.h */,
				4CE158BC1E716BA20009BAF4 /* AMFCurrency+CoreDataClass.m */,
				4CE158BD1E716BA20009BAF4 /* AMFCurrency+CoreDataProperties.h */,
				4CE158BE1E716BA20009BAF4 /* AMFCurrency+CoreDataProperties.m */,
				4CE158ED1E71C5890009BAF4 /* AMFCurrencyPlain.h */,
				4CE158EE1E71C5890009BAF4 /* AMFCurrencyPlain.m */,
			);
			name = AMFCurrency;
			sourceTree = "<group>";
		};
		4CE158A51E7167B70009BAF4 /* AMFPage */ = {
			isa = PBXGroup;
			children = (
				4CE158C71E716BC80009BAF4 /* AMFPage+CoreDataClass.h */,
				4CE158C81E716BC80009BAF4 /* AMFPage+CoreDataClass.m */,
				4CE158C91E716BC80009BAF4 /* AMFPage+CoreDataProperties.h */,
				4CE158CA1E716BC80009BAF4 /* AMFPage+CoreDataProperties.m */,
				4CE158EA1E71C56E0009BAF4 /* AMFPagePlain.h */,
				4CE158EB1E71C56E0009BAF4 /* AMFPagePlain.m */,
			);
			name = AMFPage;
			sourceTree = "<group>";
		};
		4CE158A61E7167C30009BAF4 /* AMFWallet */ = {
			isa = PBXGroup;
			children = (
				4CE158B51E716B950009BAF4 /* AMFWallet+CoreDataClass.h */,
				4CE158B61E716B950009BAF4 /* AMFWallet+CoreDataClass.m */,
				4CE158B71E716B950009BAF4 /* AMFWallet+CoreDataProperties.h */,
				4CE158B81E716B950009BAF4 /* AMFWallet+CoreDataProperties.m */,
				4CE158E71E71C53B0009BAF4 /* AMFWalletPlain.h */,
				4CE158E81E71C53B0009BAF4 /* AMFWalletPlain.m */,
			);
			name = AMFWallet;
			sourceTree = "<group>";
		};
		4CE158A71E7167D00009BAF4 /* AMFCashFlow */ = {
			isa = PBXGroup;
			children = (
				4CE158AF1E716B8A0009BAF4 /* AMFCashFlow+CoreDataClass.h */,
				4CE158B01E716B8A0009BAF4 /* AMFCashFlow+CoreDataClass.m */,
				4CE158B11E716B8A0009BAF4 /* AMFCashFlow+CoreDataProperties.h */,
				4CE158B21E716B8A0009BAF4 /* AMFCashFlow+CoreDataProperties.m */,
				4CE158E11E71C4C70009BAF4 /* AMFCashPlain.h */,
				4CE158E21E71C4C70009BAF4 /* AMFCashPlain.m */,
			);
			name = AMFCashFlow;
			sourceTree = "<group>";
		};
		4CE158A81E7167DD0009BAF4 /* AMFCategory */ = {
			isa = PBXGroup;
			children = (
				4CE158C11E716BBE0009BAF4 /* AMFCategory+CoreDataClass.h */,
				4CE158C21E716BBE0009BAF4 /* AMFCategory+CoreDataClass.m */,
				4CE158C31E716BBE0009BAF4 /* AMFCategory+CoreDataProperties.h */,
				4CE158C41E716BBE0009BAF4 /* AMFCategory+CoreDataProperties.m */,
				4CE158E41E71C5100009BAF4 /* AMFCategoryPlain.h */,
				4CE158E51E71C5100009BAF4 /* AMFCategoryPlain.m */,
			);
			name = AMFCategory;
			sourceTree = "<group>";
		};
		4CE158D11E718AB00009BAF4 /* Assembly */ = {
			isa = PBXGroup;
			children = (
				4C53EC841E70663200725AF8 /* AMFDataSupplierAssembly.h */,
				4C53EC851E70663200725AF8 /* AMFDataSupplierAssembly.m */,
			);
			name = Assembly;
			sourceTree = "<group>";
		};
		4CE158D21E718AD10009BAF4 /* CoreData */ = {
			isa = PBXGroup;
			children = (
				4CE158D41E718B390009BAF4 /* AMFSQLCoreDataHandler.h */,
				4CE158D51E718B390009BAF4 /* AMFSQLCoreDataHandler.m */,
			);
			name = CoreData;
			sourceTree = "<group>";
		};
		4CE158D31E718AE90009BAF4 /* Utils */ = {
			isa = PBXGroup;
			children = (
				4C53EC881E70700000725AF8 /* AMFDataSupplier.h */,
				4C53EC891E70700000725AF8 /* AMFDataSupplier.m */,
				4CE158DB1E71B8590009BAF4 /* AMFBudgetCSVReader.h */,
				4CE158DC1E71B8590009BAF4 /* AMFBudgetCSVReader.m */,
				4CE158DE1E71B9340009BAF4 /* AMFPlainBudgetData.h */,
				4CE158DF1E71B9340009BAF4 /* AMFPlainBudgetData.m */,
				4CE1590E1E72FC790009BAF4 /* AMFReaderFromCSV.h */,
				4CE1590F1E72FC790009BAF4 /* AMFReaderFromCSV.m */,
			);
			name = Utils;
			sourceTree = "<group>";
		};
		4CE158D81E71A7790009BAF4 /* DataStorage */ = {
			isa = PBXGroup;
			children = (
				4CE158D91E71A7BB0009BAF4 /* DataStorageTests.m */,
			);
			name = DataStorage;
			sourceTree = "<group>";
		};
		4CE159051E7299140009BAF4 /* Cells */ = {
			isa = PBXGroup;
			children = (
				4CE159061E7299610009BAF4 /* AMFFlowCell.h */,
				4CE159071E7299610009BAF4 /* AMFFlowCell.m */,
			);
			name = Cells;
			sourceTree = "<group>";
		};
		4CE159161E7314240009BAF4 /* Ponso */ = {
			isa = PBXGroup;
			children = (
				4CE159171E73144D0009BAF4 /* AMFFlowData.h */,
				4CE159181E73144D0009BAF4 /* AMFFlowData.m */,
			);
			name = Ponso;
			sourceTree = "<group>";
		};
		56BC129F048397C73B2D4DDE /* Interactor */ = {
			isa = PBXGroup;
			children = (
				4CE158FD1E7280370009BAF4 /* AMFFlowInteractorInput.h */,
				4CE158FE1E7280370009BAF4 /* AMFFlowInteractor.h */,
				4CE158FB1E7280370009BAF4 /* AMFFlowIteractor.m */,
				4CE158FC1E7280370009BAF4 /* AMFFlowInteractorOutput.h */,
			);
			path = Interactor;
			sourceTree = "<group>";
		};
		590424889E7B5AD220A5745C /* Router */ = {
			isa = PBXGroup;
			children = (
				DDD4A9895A549DF0C5796B3A /* AMFFlowRouterTests.m */,
			);
			path = Router;
			sourceTree = "<group>";
		};
		5CA3E39E00CCCA2672461FFE /* Pods */ = {
			isa = PBXGroup;
			children = (
				4553CD5A8CD6D4B4AC51A222 /* Pods-funds.debug.xcconfig */,
				F22831C4022AD64BBC14907E /* Pods-funds.release.xcconfig */,
				ECB71916FF87A012D0090D81 /* Pods-funds-fundsTests.debug.xcconfig */,
				A0750F4BE648FA527D861588 /* Pods-funds-fundsTests.release.xcconfig */,
				AA5F4FA6CEDBD310FDEA7B46 /* Pods-fundsTests.debug.xcconfig */,
				4CAAF2FC7C1B476F0E36F2DF /* Pods-fundsTests.release.xcconfig */,
			);
			name = Pods;
			sourceTree = "<group>";
		};
		5CFB872E768D68F3772298BF /* Frameworks */ = {
			isa = PBXGroup;
			children = (
				F51BF1C95C6D79DB02F11704 /* libPods-funds.a */,
				55CD0A71B43CC5D35DB871FD /* libPods-funds-fundsTests.a */,
				651AD28E37C586B5897ACA75 /* libPods-fundsTests.a */,
			);
			name = Frameworks;
			sourceTree = "<group>";
		};
		5D32CB76C2AB695433D34728 /* Assembly */ = {
			isa = PBXGroup;
			children = (
				62F4CD3B7673FBCBDE1EBE90 /* AMFFlowAssemblyTests.m */,
				5C6842F5427FA91A7D60D6E7 /* AMFFlowAssembly_Testable.h */,
			);
			path = Assembly;
			sourceTree = "<group>";
		};
		63F1F99F0DD97BFC6D4AA29E /* Interactor */ = {
			isa = PBXGroup;
			children = (
				6BE43B30512ACF84EF1C8DB8 /* AMFFlowInteractorTests.m */,
			);
			path = Interactor;
			sourceTree = "<group>";
		};
		65C5DD8C2F09B67A37B88E5A /* Assembly */ = {
			isa = PBXGroup;
			children = (
				4CE158F11E727F8F0009BAF4 /* AMFFlowModuleAssembly.h */,
				4CE158F01E727F8F0009BAF4 /* AMFFlowModuleAssembly.m */,
			);
			path = Assembly;
			sourceTree = "<group>";
		};
		6CDDB3FB45F2FF4636AA218B /* View */ = {
			isa = PBXGroup;
			children = (
				4CE159051E7299140009BAF4 /* Cells */,
				4CE158F41E727FB90009BAF4 /* AMFFlowViewInput.h */,
				4CE158F61E727FB90009BAF4 /* AMFFlowViewController.h */,
				4CE158F51E727FB90009BAF4 /* AMFFlowViewController.m */,
				4CE158F31E727FB90009BAF4 /* AMFFlowViewOutput.h */,
			);
			path = View;
			sourceTree = "<group>";
		};
		79BBEA932245C5F967F8F81A /* Assembly */ = {
			isa = PBXGroup;
			children = (
				3596188E8037A4F1EF66BAED /* AMFWalletAssemblyTests.m */,
				F0F100817551440B172BCF0D /* AMFWalletAssembly_Testable.h */,
			);
			path = Assembly;
			sourceTree = "<group>";
		};
		860AE63177F6FC026849C08C /* Presenter */ = {
			isa = PBXGroup;
			children = (
				90F1CD55E8D152D64779856D /* AMFWalletPresenterTests.m */,
			);
			path = Presenter;
			sourceTree = "<group>";
		};
		8DC6DE32CF80BD6C1AB8B8ED /* Assembly */ = {
			isa = PBXGroup;
			children = (
				008441584AEAA0D5BE9C24ED /* AMFBalanceAssemblyTests.m */,
				6774CCB5E3F6273E167B15C6 /* AMFBalanceAssembly_Testable.h */,
			);
			path = Assembly;
			sourceTree = "<group>";
		};
		9825D461C3055D11F7A924A5 /* Router */ = {
			isa = PBXGroup;
			children = (
				4C53ECB11E70906700725AF8 /* AMFBalanceRouterInput.h */,
				4C53ECB31E70906700725AF8 /* AMFBalanceRouter.h */,
				4C53ECB21E70906700725AF8 /* AMFBalanceRouter.m */,
			);
			path = Router;
			sourceTree = "<group>";
		};
		9DC6A83674F889B74B1D91A2 /* Interactor */ = {
			isa = PBXGroup;
			children = (
				72C498335635EED9650F365E /* AMFBalanceInteractorTests.m */,
			);
			path = Interactor;
			sourceTree = "<group>";
		};
		9E8DEE3CB97A97CCB51563A6 /* Flow */ = {
			isa = PBXGroup;
			children = (
				5D32CB76C2AB695433D34728 /* Assembly */,
				F4DB6B8C4C092AF58464EF93 /* View */,
				02A2EAD6E0F4EBD73503F267 /* Presenter */,
				63F1F99F0DD97BFC6D4AA29E /* Interactor */,
				590424889E7B5AD220A5745C /* Router */,
			);
			path = Flow;
			sourceTree = "<group>";
		};
		A107CD6CBD8C48812204A5D6 /* Router */ = {
			isa = PBXGroup;
			children = (
				4CE159001E72804F0009BAF4 /* AMFFlowRouterInput.h */,
				4CE159021E72804F0009BAF4 /* AMFFlowRouter.h */,
				4CE159011E72804F0009BAF4 /* AMFFlowRouter.m */,
			);
			path = Router;
			sourceTree = "<group>";
		};
		B3D83662EF35263CEF262B2C /* Router */ = {
			isa = PBXGroup;
			children = (
				29089B491EF2837AD5616F08 /* AMFBalanceRouterTests.m */,
			);
			path = Router;
			sourceTree = "<group>";
		};
		B6B0DC701E1769D8EFE1773C /* Assembly */ = {
			isa = PBXGroup;
			children = (
				4C53ECA11E70902700725AF8 /* AMFBalanceAssembly.h */,
				4C53ECA01E70902700725AF8 /* AMFBalanceAssembly.m */,
			);
			path = Assembly;
			sourceTree = "<group>";
		};
		BBB33395558545766426AD8A /* Presenter */ = {
			isa = PBXGroup;
			children = (
				4C53ECAA1E70904800725AF8 /* AMFBalanceModuleInput.h */,
				4C53ECA91E70904800725AF8 /* AMFBalancePresenter.h */,
				4C53ECA81E70904800725AF8 /* AMFBalancePresenter.m */,
			);
			path = Presenter;
			sourceTree = "<group>";
		};
		CCC6C0BE54157748E60B6305 /* Presenter */ = {
			isa = PBXGroup;
			children = (
				6F988B8F329D204CF5998903 /* AMFBalancePresenterTests.m */,
			);
			path = Presenter;
			sourceTree = "<group>";
		};
		D821AF7400FB9C6A22E6FF94 /* Balance */ = {
			isa = PBXGroup;
			children = (
				8DC6DE32CF80BD6C1AB8B8ED /* Assembly */,
				07E26E51974CD4CDF66A9D85 /* View */,
				CCC6C0BE54157748E60B6305 /* Presenter */,
				9DC6A83674F889B74B1D91A2 /* Interactor */,
				B3D83662EF35263CEF262B2C /* Router */,
			);
			path = Balance;
			sourceTree = "<group>";
		};
		F4DB6B8C4C092AF58464EF93 /* View */ = {
			isa = PBXGroup;
			children = (
				35998CE25D285D7C9B73912C /* AMFFlowViewControllerTests.m */,
			);
			path = View;
			sourceTree = "<group>";
		};
		FC273430FDD83ED2F149E70A /* Presenter */ = {
			isa = PBXGroup;
			children = (
				4CE159041E7283420009BAF4 /* AMFFlowModuleInput.h */,
				4CE158F91E727FFF0009BAF4 /* AMFFlowPresenter.h */,
				4CE158F81E727FFF0009BAF4 /* AMFFlowPresenter.m */,
			);
			path = Presenter;
			sourceTree = "<group>";
		};
/* End PBXGroup section */

/* Begin PBXNativeTarget section */
		4C53EC0F1E6DC7B400725AF8 /* funds */ = {
			isa = PBXNativeTarget;
			buildConfigurationList = 4C53EC351E6DC7B400725AF8 /* Build configuration list for PBXNativeTarget "funds" */;
			buildPhases = (
				1AD9DD0C55A7EFB8CA4AA96E /* [CP] Check Pods Manifest.lock */,
				4C53EC0C1E6DC7B400725AF8 /* Sources */,
				4C53EC0D1E6DC7B400725AF8 /* Frameworks */,
				4C53EC0E1E6DC7B400725AF8 /* Resources */,
				CF8B1F154CC4153C8FF02CF6 /* [CP] Embed Pods Frameworks */,
				56901C946483B4F6FE3DB8F4 /* [CP] Copy Pods Resources */,
			);
			buildRules = (
			);
			dependencies = (
			);
			name = funds;
			productName = funds;
			productReference = 4C53EC101E6DC7B400725AF8 /* funds.app */;
			productType = "com.apple.product-type.application";
		};
		4C53EC2B1E6DC7B400725AF8 /* fundsTests */ = {
			isa = PBXNativeTarget;
			buildConfigurationList = 4C53EC381E6DC7B400725AF8 /* Build configuration list for PBXNativeTarget "fundsTests" */;
			buildPhases = (
				1E31E465F81894CE0A958CB7 /* [CP] Check Pods Manifest.lock */,
				4C53EC281E6DC7B400725AF8 /* Sources */,
				4C53EC291E6DC7B400725AF8 /* Frameworks */,
				4C53EC2A1E6DC7B400725AF8 /* Resources */,
				C7B0894B8D09BC07923FC544 /* [CP] Embed Pods Frameworks */,
				AB09679AF07EF9CAE6A0A3B3 /* [CP] Copy Pods Resources */,
			);
			buildRules = (
			);
			dependencies = (
				4C53EC2E1E6DC7B400725AF8 /* PBXTargetDependency */,
			);
			name = fundsTests;
			productName = fundsTests;
			productReference = 4C53EC2C1E6DC7B400725AF8 /* fundsTests.xctest */;
			productType = "com.apple.product-type.bundle.unit-test";
		};
/* End PBXNativeTarget section */

/* Begin PBXProject section */
		4C53EC081E6DC7B400725AF8 /* Project object */ = {
			isa = PBXProject;
			attributes = {
				LastUpgradeCheck = 0820;
				ORGANIZATIONNAME = micartu;
				TargetAttributes = {
					4C53EC0F1E6DC7B400725AF8 = {
						CreatedOnToolsVersion = 8.2.1;
						DevelopmentTeam = 76ZPG43W79;
						ProvisioningStyle = Automatic;
					};
					4C53EC2B1E6DC7B400725AF8 = {
						CreatedOnToolsVersion = 8.2.1;
						DevelopmentTeam = 76ZPG43W79;
						ProvisioningStyle = Automatic;
						TestTargetID = 4C53EC0F1E6DC7B400725AF8;
					};
				};
			};
			buildConfigurationList = 4C53EC0B1E6DC7B400725AF8 /* Build configuration list for PBXProject "funds" */;
			compatibilityVersion = "Xcode 3.2";
			developmentRegion = English;
			hasScannedForEncodings = 0;
			knownRegions = (
				en,
				Base,
			);
			mainGroup = 4C53EC071E6DC7B400725AF8;
			productRefGroup = 4C53EC111E6DC7B400725AF8 /* Products */;
			projectDirPath = "";
			projectRoot = "";
			targets = (
				4C53EC0F1E6DC7B400725AF8 /* funds */,
				4C53EC2B1E6DC7B400725AF8 /* fundsTests */,
			);
		};
/* End PBXProject section */

/* Begin PBXResourcesBuildPhase section */
		4C53EC0E1E6DC7B400725AF8 /* Resources */ = {
			isa = PBXResourcesBuildPhase;
			buildActionMask = 2147483647;
			files = (
				4C046FAB1E73C37C001E73A6 /* Localizable.strings in Resources */,
				4C53EC261E6DC7B400725AF8 /* LaunchScreen.storyboard in Resources */,
				4C53ECB91E71129D00725AF8 /* Default-568h@2x.png in Resources */,
				4C53EC231E6DC7B400725AF8 /* Assets.xcassets in Resources */,
				4C53EC1E1E6DC7B400725AF8 /* Main.storyboard in Resources */,
			);
			runOnlyForDeploymentPostprocessing = 0;
		};
		4C53EC2A1E6DC7B400725AF8 /* Resources */ = {
			isa = PBXResourcesBuildPhase;
			buildActionMask = 2147483647;
			files = (
				4CE158851E7137970009BAF4 /* test.csv in Resources */,
			);
			runOnlyForDeploymentPostprocessing = 0;
		};
/* End PBXResourcesBuildPhase section */

/* Begin PBXShellScriptBuildPhase section */
		1AD9DD0C55A7EFB8CA4AA96E /* [CP] Check Pods Manifest.lock */ = {
			isa = PBXShellScriptBuildPhase;
			buildActionMask = 2147483647;
			files = (
			);
			inputPaths = (
			);
			name = "[CP] Check Pods Manifest.lock";
			outputPaths = (
			);
			runOnlyForDeploymentPostprocessing = 0;
			shellPath = /bin/sh;
			shellScript = "diff \"${PODS_ROOT}/../Podfile.lock\" \"${PODS_ROOT}/Manifest.lock\" > /dev/null\nif [ $? != 0 ] ; then\n    # print error to STDERR\n    echo \"error: The sandbox is not in sync with the Podfile.lock. Run 'pod install' or update your CocoaPods installation.\" >&2\n    exit 1\nfi\n";
			showEnvVarsInLog = 0;
		};
		1E31E465F81894CE0A958CB7 /* [CP] Check Pods Manifest.lock */ = {
			isa = PBXShellScriptBuildPhase;
			buildActionMask = 2147483647;
			files = (
			);
			inputPaths = (
			);
			name = "[CP] Check Pods Manifest.lock";
			outputPaths = (
			);
			runOnlyForDeploymentPostprocessing = 0;
			shellPath = /bin/sh;
			shellScript = "diff \"${PODS_ROOT}/../Podfile.lock\" \"${PODS_ROOT}/Manifest.lock\" > /dev/null\nif [ $? != 0 ] ; then\n    # print error to STDERR\n    echo \"error: The sandbox is not in sync with the Podfile.lock. Run 'pod install' or update your CocoaPods installation.\" >&2\n    exit 1\nfi\n";
			showEnvVarsInLog = 0;
		};
		56901C946483B4F6FE3DB8F4 /* [CP] Copy Pods Resources */ = {
			isa = PBXShellScriptBuildPhase;
			buildActionMask = 2147483647;
			files = (
			);
			inputPaths = (
			);
			name = "[CP] Copy Pods Resources";
			outputPaths = (
			);
			runOnlyForDeploymentPostprocessing = 0;
			shellPath = /bin/sh;
			shellScript = "\"${SRCROOT}/Pods/Target Support Files/Pods-funds/Pods-funds-resources.sh\"\n";
			showEnvVarsInLog = 0;
		};
		AB09679AF07EF9CAE6A0A3B3 /* [CP] Copy Pods Resources */ = {
			isa = PBXShellScriptBuildPhase;
			buildActionMask = 2147483647;
			files = (
			);
			inputPaths = (
			);
			name = "[CP] Copy Pods Resources";
			outputPaths = (
			);
			runOnlyForDeploymentPostprocessing = 0;
			shellPath = /bin/sh;
			shellScript = "\"${SRCROOT}/Pods/Target Support Files/Pods-fundsTests/Pods-fundsTests-resources.sh\"\n";
			showEnvVarsInLog = 0;
		};
		C7B0894B8D09BC07923FC544 /* [CP] Embed Pods Frameworks */ = {
			isa = PBXShellScriptBuildPhase;
			buildActionMask = 2147483647;
			files = (
			);
			inputPaths = (
			);
			name = "[CP] Embed Pods Frameworks";
			outputPaths = (
			);
			runOnlyForDeploymentPostprocessing = 0;
			shellPath = /bin/sh;
			shellScript = "\"${SRCROOT}/Pods/Target Support Files/Pods-fundsTests/Pods-fundsTests-frameworks.sh\"\n";
			showEnvVarsInLog = 0;
		};
		CF8B1F154CC4153C8FF02CF6 /* [CP] Embed Pods Frameworks */ = {
			isa = PBXShellScriptBuildPhase;
			buildActionMask = 2147483647;
			files = (
			);
			inputPaths = (
			);
			name = "[CP] Embed Pods Frameworks";
			outputPaths = (
			);
			runOnlyForDeploymentPostprocessing = 0;
			shellPath = /bin/sh;
			shellScript = "\"${SRCROOT}/Pods/Target Support Files/Pods-funds/Pods-funds-frameworks.sh\"\n";
			showEnvVarsInLog = 0;
		};
/* End PBXShellScriptBuildPhase section */

/* Begin PBXSourcesBuildPhase section */
		4C53EC0C1E6DC7B400725AF8 /* Sources */ = {
			isa = PBXSourcesBuildPhase;
			buildActionMask = 2147483647;
			files = (
				4CE158C61E716BBE0009BAF4 /* AMFCategory+CoreDataProperties.m in Sources */,
				4CE158DD1E71B8590009BAF4 /* AMFBudgetCSVReader.m in Sources */,
				4CE158E31E71C4C70009BAF4 /* AMFCashPlain.m in Sources */,
				4CE158FA1E727FFF0009BAF4 /* AMFFlowPresenter.m in Sources */,
				4C53EC831E705D1A00725AF8 /* AMFThemeAssembly.m in Sources */,
				4C53EC861E70663200725AF8 /* AMFDataSupplierAssembly.m in Sources */,
				4C53EC4B1E700F2400725AF8 /* AMFTheme.m in Sources */,
				4C53EC921E708C0900725AF8 /* AMFWalletViewController.m in Sources */,
				4CE159031E72804F0009BAF4 /* AMFFlowRouter.m in Sources */,
				4CE158E01E71B9340009BAF4 /* AMFPlainBudgetData.m in Sources */,
				4C53EC441E6F03EF00725AF8 /* TyphoonAppDelegate.m in Sources */,
				4CE158B31E716B8A0009BAF4 /* AMFCashFlow+CoreDataClass.m in Sources */,
				4C53EC961E708C1600725AF8 /* AMFWalletPresenter.m in Sources */,
				4CE159131E7301320009BAF4 /* AMFAppDelegateForReadingCSV.m in Sources */,
				4CE158F71E727FB90009BAF4 /* AMFFlowViewController.m in Sources */,
				4CE158BA1E716B950009BAF4 /* AMFWallet+CoreDataProperties.m in Sources */,
				4CE158B41E716B8A0009BAF4 /* AMFCashFlow+CoreDataProperties.m in Sources */,
				4CE159191E73144D0009BAF4 /* AMFFlowData.m in Sources */,
				4CE158B91E716B950009BAF4 /* AMFWallet+CoreDataClass.m in Sources */,
				4CE158C51E716BBE0009BAF4 /* AMFCategory+CoreDataClass.m in Sources */,
				4C53EC4E1E7010D500725AF8 /* AMFThemeFactory.m in Sources */,
				4C53ECB41E70906700725AF8 /* AMFBalanceRouter.m in Sources */,
				4CE158FF1E7280370009BAF4 /* AMFFlowIteractor.m in Sources */,
				4C53EC181E6DC7B400725AF8 /* AppDelegate.m in Sources */,
				4C53ECAB1E70904800725AF8 /* AMFBalancePresenter.m in Sources */,
				4C53ECA71E70903700725AF8 /* AMFBalanceViewController.m in Sources */,
				4CE158F21E727F8F0009BAF4 /* AMFFlowModuleAssembly.m in Sources */,
				4C53EC211E6DC7B400725AF8 /* funds.xcdatamodeld in Sources */,
				4C53EC8D1E708BFB00725AF8 /* AMFWalletAssembly.m in Sources */,
				4CE158E91E71C53B0009BAF4 /* AMFWalletPlain.m in Sources */,
				4CE158CC1E716BC90009BAF4 /* AMFPage+CoreDataProperties.m in Sources */,
				4CE158E61E71C5100009BAF4 /* AMFCategoryPlain.m in Sources */,
				4CE158C01E716BA20009BAF4 /* AMFCurrency+CoreDataProperties.m in Sources */,
				4CE158BF1E716BA20009BAF4 /* AMFCurrency+CoreDataClass.m in Sources */,
				4C53EC411E6EFA2100725AF8 /* ApplicationAssembly.m in Sources */,
				4CE158D61E718B390009BAF4 /* AMFSQLCoreDataHandler.m in Sources */,
				4C53EC8A1E70700000725AF8 /* AMFDataSupplier.m in Sources */,
				4C53EC151E6DC7B400725AF8 /* main.m in Sources */,
				4CE159081E7299610009BAF4 /* AMFFlowCell.m in Sources */,
				4CE159101E72FC790009BAF4 /* AMFReaderFromCSV.m in Sources */,
				4CE158EF1E71C5890009BAF4 /* AMFCurrencyPlain.m in Sources */,
				4C53ECA21E70902700725AF8 /* AMFBalanceAssembly.m in Sources */,
				4C53EC9B1E708C2500725AF8 /* AMFWalletInteractor.m in Sources */,
				4CE158CB1E716BC90009BAF4 /* AMFPage+CoreDataClass.m in Sources */,
				4C53EC9F1E708C3300725AF8 /* AMFWalletRouter.m in Sources */,
				4CE158EC1E71C56E0009BAF4 /* AMFPagePlain.m in Sources */,
				4C53ECB01E70905800725AF8 /* AMFBalanceInteractor.m in Sources */,
			);
			runOnlyForDeploymentPostprocessing = 0;
		};
		4C53EC281E6DC7B400725AF8 /* Sources */ = {
			isa = PBXSourcesBuildPhase;
			buildActionMask = 2147483647;
			files = (
				4C53EC311E6DC7B400725AF8 /* fundsTests.m in Sources */,
				9FB0E5E36CCDD67F1BA82825 /* AMFWalletAssemblyTests.m in Sources */,
				0BAF9A333F3614DDE6DD81DA /* AMFWalletViewControllerTests.m in Sources */,
				CB53BC3311DB3251A3CC1FE8 /* AMFWalletPresenterTests.m in Sources */,
				A70B9CDF5731AFBF37A9AD90 /* AMFWalletInteractorTests.m in Sources */,
				8DA2B21A228B50E9D851DEBE /* AMFWalletRouterTests.m in Sources */,
				CE2D7E6E4C1CB94E13B17CA9 /* AMFBalanceAssemblyTests.m in Sources */,
				4CE158DA1E71A7BB0009BAF4 /* DataStorageTests.m in Sources */,
				1D28856CA868659AE35AC258 /* AMFBalanceViewControllerTests.m in Sources */,
				DF6074C0FB7E37156C59814B /* AMFBalancePresenterTests.m in Sources */,
				AB20C6A3A18269E42CFD529F /* AMFBalanceInteractorTests.m in Sources */,
				846FF71F03ACD0309A774940 /* AMFBalanceRouterTests.m in Sources */,
				7ACE4948754C3D9CA5CA6D92 /* AMFFlowAssemblyTests.m in Sources */,
				B28EF746BE1CDF645FB2F9D0 /* AMFFlowViewControllerTests.m in Sources */,
				57F3B401EAF3DEB94E60B815 /* AMFFlowPresenterTests.m in Sources */,
				3DB5496F2EF81C63E2D4F3C5 /* AMFFlowInteractorTests.m in Sources */,
				71EAD43B8328713B975A2023 /* AMFFlowRouterTests.m in Sources */,
			);
			runOnlyForDeploymentPostprocessing = 0;
		};
/* End PBXSourcesBuildPhase section */

/* Begin PBXTargetDependency section */
		4C53EC2E1E6DC7B400725AF8 /* PBXTargetDependency */ = {
			isa = PBXTargetDependency;
			target = 4C53EC0F1E6DC7B400725AF8 /* funds */;
			targetProxy = 4C53EC2D1E6DC7B400725AF8 /* PBXContainerItemProxy */;
		};
/* End PBXTargetDependency section */

/* Begin PBXVariantGroup section */
		4C046FA91E73C37C001E73A6 /* Localizable.strings */ = {
			isa = PBXVariantGroup;
			children = (
				4C046FAA1E73C37C001E73A6 /* Base */,
			);
			name = Localizable.strings;
			sourceTree = "<group>";
		};
		4C53EC1C1E6DC7B400725AF8 /* Main.storyboard */ = {
			isa = PBXVariantGroup;
			children = (
				4C53EC1D1E6DC7B400725AF8 /* Base */,
			);
			name = Main.storyboard;
			sourceTree = "<group>";
		};
		4C53EC241E6DC7B400725AF8 /* LaunchScreen.storyboard */ = {
			isa = PBXVariantGroup;
			children = (
				4C53EC251E6DC7B400725AF8 /* Base */,
			);
			name = LaunchScreen.storyboard;
			sourceTree = "<group>";
		};
/* End PBXVariantGroup section */

/* Begin XCBuildConfiguration section */
		4C53EC331E6DC7B400725AF8 /* Debug */ = {
			isa = XCBuildConfiguration;
			buildSettings = {
				ALWAYS_SEARCH_USER_PATHS = NO;
				CLANG_ANALYZER_LOCALIZABILITY_NONLOCALIZED = YES;
				CLANG_ANALYZER_NONNULL = YES;
				CLANG_CXX_LANGUAGE_STANDARD = "gnu++0x";
				CLANG_CXX_LIBRARY = "libc++";
				CLANG_ENABLE_MODULES = YES;
				CLANG_ENABLE_OBJC_ARC = YES;
				CLANG_WARN_BOOL_CONVERSION = YES;
				CLANG_WARN_CONSTANT_CONVERSION = YES;
				CLANG_WARN_DIRECT_OBJC_ISA_USAGE = YES_ERROR;
				CLANG_WARN_DOCUMENTATION_COMMENTS = YES;
				CLANG_WARN_EMPTY_BODY = YES;
				CLANG_WARN_ENUM_CONVERSION = YES;
				CLANG_WARN_INFINITE_RECURSION = YES;
				CLANG_WARN_INT_CONVERSION = YES;
				CLANG_WARN_OBJC_ROOT_CLASS = YES_ERROR;
				CLANG_WARN_SUSPICIOUS_MOVE = YES;
				CLANG_WARN_UNREACHABLE_CODE = YES;
				CLANG_WARN__DUPLICATE_METHOD_MATCH = YES;
				"CODE_SIGN_IDENTITY[sdk=iphoneos*]" = "iPhone Developer";
				COPY_PHASE_STRIP = NO;
				DEBUG_INFORMATION_FORMAT = dwarf;
				ENABLE_STRICT_OBJC_MSGSEND = YES;
				ENABLE_TESTABILITY = YES;
				GCC_C_LANGUAGE_STANDARD = gnu99;
				GCC_DYNAMIC_NO_PIC = NO;
				GCC_NO_COMMON_BLOCKS = YES;
				GCC_OPTIMIZATION_LEVEL = 0;
				GCC_PREPROCESSOR_DEFINITIONS = (
					"DEBUG=1",
					"$(inherited)",
				);
				GCC_WARN_64_TO_32_BIT_CONVERSION = YES;
				GCC_WARN_ABOUT_RETURN_TYPE = YES_ERROR;
				GCC_WARN_UNDECLARED_SELECTOR = YES;
				GCC_WARN_UNINITIALIZED_AUTOS = YES_AGGRESSIVE;
				GCC_WARN_UNUSED_FUNCTION = YES;
				GCC_WARN_UNUSED_VARIABLE = YES;
				IPHONEOS_DEPLOYMENT_TARGET = 7.1;
				MTL_ENABLE_DEBUG_INFO = YES;
				ONLY_ACTIVE_ARCH = YES;
				SDKROOT = iphoneos;
			};
			name = Debug;
		};
		4C53EC341E6DC7B400725AF8 /* Release */ = {
			isa = XCBuildConfiguration;
			buildSettings = {
				ALWAYS_SEARCH_USER_PATHS = NO;
				CLANG_ANALYZER_LOCALIZABILITY_NONLOCALIZED = YES;
				CLANG_ANALYZER_NONNULL = YES;
				CLANG_CXX_LANGUAGE_STANDARD = "gnu++0x";
				CLANG_CXX_LIBRARY = "libc++";
				CLANG_ENABLE_MODULES = YES;
				CLANG_ENABLE_OBJC_ARC = YES;
				CLANG_WARN_BOOL_CONVERSION = YES;
				CLANG_WARN_CONSTANT_CONVERSION = YES;
				CLANG_WARN_DIRECT_OBJC_ISA_USAGE = YES_ERROR;
				CLANG_WARN_DOCUMENTATION_COMMENTS = YES;
				CLANG_WARN_EMPTY_BODY = YES;
				CLANG_WARN_ENUM_CONVERSION = YES;
				CLANG_WARN_INFINITE_RECURSION = YES;
				CLANG_WARN_INT_CONVERSION = YES;
				CLANG_WARN_OBJC_ROOT_CLASS = YES_ERROR;
				CLANG_WARN_SUSPICIOUS_MOVE = YES;
				CLANG_WARN_UNREACHABLE_CODE = YES;
				CLANG_WARN__DUPLICATE_METHOD_MATCH = YES;
				"CODE_SIGN_IDENTITY[sdk=iphoneos*]" = "iPhone Developer";
				COPY_PHASE_STRIP = NO;
				DEBUG_INFORMATION_FORMAT = "dwarf-with-dsym";
				ENABLE_NS_ASSERTIONS = NO;
				ENABLE_STRICT_OBJC_MSGSEND = YES;
				GCC_C_LANGUAGE_STANDARD = gnu99;
				GCC_NO_COMMON_BLOCKS = YES;
				GCC_WARN_64_TO_32_BIT_CONVERSION = YES;
				GCC_WARN_ABOUT_RETURN_TYPE = YES_ERROR;
				GCC_WARN_UNDECLARED_SELECTOR = YES;
				GCC_WARN_UNINITIALIZED_AUTOS = YES_AGGRESSIVE;
				GCC_WARN_UNUSED_FUNCTION = YES;
				GCC_WARN_UNUSED_VARIABLE = YES;
				IPHONEOS_DEPLOYMENT_TARGET = 7.1;
				MTL_ENABLE_DEBUG_INFO = NO;
				SDKROOT = iphoneos;
				VALIDATE_PRODUCT = YES;
			};
			name = Release;
		};
		4C53EC361E6DC7B400725AF8 /* Debug */ = {
			isa = XCBuildConfiguration;
			baseConfigurationReference = 4553CD5A8CD6D4B4AC51A222 /* Pods-funds.debug.xcconfig */;
			buildSettings = {
				ASSETCATALOG_COMPILER_APPICON_NAME = AppIcon;
				DEVELOPMENT_TEAM = 76ZPG43W79;
				GCC_PRECOMPILE_PREFIX_HEADER = YES;
				GCC_PREFIX_HEADER = "funds/funds-prefix.pch";
				INFOPLIST_FILE = funds/Info.plist;
				IPHONEOS_DEPLOYMENT_TARGET = 7.1;
				LD_RUNPATH_SEARCH_PATHS = "$(inherited) @executable_path/Frameworks";
				PRODUCT_BUNDLE_IDENTIFIER = micartu.funds;
				PRODUCT_NAME = "$(TARGET_NAME)";
			};
			name = Debug;
		};
		4C53EC371E6DC7B400725AF8 /* Release */ = {
			isa = XCBuildConfiguration;
			baseConfigurationReference = F22831C4022AD64BBC14907E /* Pods-funds.release.xcconfig */;
			buildSettings = {
				ASSETCATALOG_COMPILER_APPICON_NAME = AppIcon;
				DEVELOPMENT_TEAM = 76ZPG43W79;
				GCC_PRECOMPILE_PREFIX_HEADER = YES;
				GCC_PREFIX_HEADER = "funds/funds-prefix.pch";
				INFOPLIST_FILE = funds/Info.plist;
				IPHONEOS_DEPLOYMENT_TARGET = 7.1;
				LD_RUNPATH_SEARCH_PATHS = "$(inherited) @executable_path/Frameworks";
				PRODUCT_BUNDLE_IDENTIFIER = micartu.funds;
				PRODUCT_NAME = "$(TARGET_NAME)";
			};
			name = Release;
		};
		4C53EC391E6DC7B400725AF8 /* Debug */ = {
			isa = XCBuildConfiguration;
			baseConfigurationReference = AA5F4FA6CEDBD310FDEA7B46 /* Pods-fundsTests.debug.xcconfig */;
			buildSettings = {
				BUNDLE_LOADER = "$(TEST_HOST)";
				DEVELOPMENT_TEAM = 76ZPG43W79;
				INFOPLIST_FILE = fundsTests/Info.plist;
				LD_RUNPATH_SEARCH_PATHS = "$(inherited) @executable_path/Frameworks @loader_path/Frameworks";
				PRODUCT_BUNDLE_IDENTIFIER = micartu.fundsTests;
				PRODUCT_NAME = "$(TARGET_NAME)";
				TEST_HOST = "$(BUILT_PRODUCTS_DIR)/funds.app/funds";
			};
			name = Debug;
		};
		4C53EC3A1E6DC7B400725AF8 /* Release */ = {
			isa = XCBuildConfiguration;
			baseConfigurationReference = 4CAAF2FC7C1B476F0E36F2DF /* Pods-fundsTests.release.xcconfig */;
			buildSettings = {
				BUNDLE_LOADER = "$(TEST_HOST)";
				DEVELOPMENT_TEAM = 76ZPG43W79;
				INFOPLIST_FILE = fundsTests/Info.plist;
				LD_RUNPATH_SEARCH_PATHS = "$(inherited) @executable_path/Frameworks @loader_path/Frameworks";
				PRODUCT_BUNDLE_IDENTIFIER = micartu.fundsTests;
				PRODUCT_NAME = "$(TARGET_NAME)";
				TEST_HOST = "$(BUILT_PRODUCTS_DIR)/funds.app/funds";
			};
			name = Release;
		};
/* End XCBuildConfiguration section */

/* Begin XCConfigurationList section */
		4C53EC0B1E6DC7B400725AF8 /* Build configuration list for PBXProject "funds" */ = {
			isa = XCConfigurationList;
			buildConfigurations = (
				4C53EC331E6DC7B400725AF8 /* Debug */,
				4C53EC341E6DC7B400725AF8 /* Release */,
			);
			defaultConfigurationIsVisible = 0;
			defaultConfigurationName = Release;
		};
		4C53EC351E6DC7B400725AF8 /* Build configuration list for PBXNativeTarget "funds" */ = {
			isa = XCConfigurationList;
			buildConfigurations = (
				4C53EC361E6DC7B400725AF8 /* Debug */,
				4C53EC371E6DC7B400725AF8 /* Release */,
			);
			defaultConfigurationIsVisible = 0;
			defaultConfigurationName = Release;
		};
		4C53EC381E6DC7B400725AF8 /* Build configuration list for PBXNativeTarget "fundsTests" */ = {
			isa = XCConfigurationList;
			buildConfigurations = (
				4C53EC391E6DC7B400725AF8 /* Debug */,
				4C53EC3A1E6DC7B400725AF8 /* Release */,
			);
			defaultConfigurationIsVisible = 0;
			defaultConfigurationName = Release;
		};
/* End XCConfigurationList section */

/* Begin XCVersionGroup section */
		4C53EC1F1E6DC7B400725AF8 /* funds.xcdatamodeld */ = {
			isa = XCVersionGroup;
			children = (
				4C53EC201E6DC7B400725AF8 /* funds.xcdatamodel */,
			);
			currentVersion = 4C53EC201E6DC7B400725AF8 /* funds.xcdatamodel */;
			path = funds.xcdatamodeld;
			sourceTree = "<group>";
			versionGroupType = wrapper.xcdatamodel;
		};
/* End XCVersionGroup section */
	};
	rootObject = 4C53EC081E6DC7B400725AF8 /* Project object */;
}
